{
  "pins" : [
    {
      "identity" : "delegate",
      "kind" : "remoteSourceControl",
      "location" : "https://github.com/onevcat/Delegate.git",
      "state" : {
        "revision" : "ec3014ca2621c717f758d8718ec90e84b6e774b3",
        "version" : "1.3.0"
      }
    }
  ],
  "version" : 2
}
