{
  "pins" : [
    {
      "identity" : "delegate",
      "kind" : "remoteSourceControl",
      "location" : "https://github.com/onevcat/Delegate.git",
      "state" : {
        "revision" : "499e507f2a68d6e8737f7f6f7c0385596b4398fc",
        "version" : "1.2.0"
      }
    }
  ],
  "version" : 2
}
