// !$*UTF8*$!
{
	archiveVersion = 1;
	classes = {
	};
	objectVersion = 46;
	objects = {

/* Begin PBXBuildFile section */
		4B0D673D1B8E9DBF00876BDF /* APNGKit.h in Headers */ = {isa = PBXBuildFile; fileRef = 4B0D673C1B8E9DBF00876BDF /* APNGKit.h */; settings = {ATTRIBUTES = (Public, ); }; };
		4B0D67441B8E9DC000876BDF /* APNGKit.framework in Frameworks */ = {isa = PBXBuildFile; fileRef = 4B0D67391B8E9DBF00876BDF /* APNGKit.framework */; settings = {ASSET_TAGS = (); }; };
		4B0D67491B8E9DC000876BDF /* APNGKitTests.swift in Sources */ = {isa = PBXBuildFile; fileRef = 4B0D67481B8E9DC000876BDF /* APNGKitTests.swift */; };
		4B2132061B8EF20500A39502 /* Frame.swift in Sources */ = {isa = PBXBuildFile; fileRef = 4B2132051B8EF20500A39502 /* Frame.swift */; settings = {ASSET_TAGS = (); }; };
		4B21320A1B8EF39000A39502 /* LibAPNGTests.swift in Sources */ = {isa = PBXBuildFile; fileRef = 4B2132091B8EF39000A39502 /* LibAPNGTests.swift */; settings = {ASSET_TAGS = (); }; };
		4B21320C1B8EF44800A39502 /* Disassembler.swift in Sources */ = {isa = PBXBuildFile; fileRef = 4B21320B1B8EF44800A39502 /* Disassembler.swift */; settings = {ASSET_TAGS = (); }; };
		4B2132101B8EF4D500A39502 /* APNGImage.swift in Sources */ = {isa = PBXBuildFile; fileRef = 4B21320F1B8EF4D500A39502 /* APNGImage.swift */; settings = {ASSET_TAGS = (); }; };
		4B2132121B8EF94F00A39502 /* DisassemblerTests.swift in Sources */ = {isa = PBXBuildFile; fileRef = 4B2132111B8EF94F00A39502 /* DisassemblerTests.swift */; settings = {ASSET_TAGS = (); }; };
		4B2132141B8EFA7900A39502 /* XCTAssertSwiftError.swift in Sources */ = {isa = PBXBuildFile; fileRef = 4B2132131B8EFA7900A39502 /* XCTAssertSwiftError.swift */; settings = {ASSET_TAGS = (); }; };
		4B5DF6841B99718C00C4D421 /* demo.png in Resources */ = {isa = PBXBuildFile; fileRef = 4B5DF6831B99718C00C4D421 /* demo.png */; settings = {ASSET_TAGS = (); }; };
		4B6B68F61B8EB33100C4868A /* png.c in Sources */ = {isa = PBXBuildFile; fileRef = 4B6B68E01B8EB33100C4868A /* png.c */; settings = {ASSET_TAGS = (); }; };
		4B6B68F71B8EB33100C4868A /* png.h in Headers */ = {isa = PBXBuildFile; fileRef = 4B6B68E11B8EB33100C4868A /* png.h */; settings = {ATTRIBUTES = (Public, ); }; };
		4B6B68F81B8EB33100C4868A /* pngconf.h in Headers */ = {isa = PBXBuildFile; fileRef = 4B6B68E21B8EB33100C4868A /* pngconf.h */; settings = {ATTRIBUTES = (Public, ); }; };
		4B6B68F91B8EB33100C4868A /* pngdebug.h in Headers */ = {isa = PBXBuildFile; fileRef = 4B6B68E31B8EB33100C4868A /* pngdebug.h */; settings = {ASSET_TAGS = (); }; };
		4B6B68FA1B8EB33100C4868A /* pngerror.c in Sources */ = {isa = PBXBuildFile; fileRef = 4B6B68E41B8EB33100C4868A /* pngerror.c */; settings = {ASSET_TAGS = (); }; };
		4B6B68FB1B8EB33100C4868A /* pngget.c in Sources */ = {isa = PBXBuildFile; fileRef = 4B6B68E51B8EB33100C4868A /* pngget.c */; settings = {ASSET_TAGS = (); }; };
		4B6B68FC1B8EB33100C4868A /* pnginfo.h in Headers */ = {isa = PBXBuildFile; fileRef = 4B6B68E61B8EB33100C4868A /* pnginfo.h */; settings = {ASSET_TAGS = (); }; };
		4B6B68FD1B8EB33100C4868A /* pnglibconf.h in Headers */ = {isa = PBXBuildFile; fileRef = 4B6B68E71B8EB33100C4868A /* pnglibconf.h */; settings = {ATTRIBUTES = (Public, ); }; };
		4B6B68FE1B8EB33100C4868A /* pngmem.c in Sources */ = {isa = PBXBuildFile; fileRef = 4B6B68E81B8EB33100C4868A /* pngmem.c */; settings = {ASSET_TAGS = (); }; };
		4B6B68FF1B8EB33100C4868A /* pngpread.c in Sources */ = {isa = PBXBuildFile; fileRef = 4B6B68E91B8EB33100C4868A /* pngpread.c */; settings = {ASSET_TAGS = (); }; };
		4B6B69001B8EB33100C4868A /* pngpriv.h in Headers */ = {isa = PBXBuildFile; fileRef = 4B6B68EA1B8EB33100C4868A /* pngpriv.h */; settings = {ASSET_TAGS = (); }; };
		4B6B69011B8EB33100C4868A /* pngread.c in Sources */ = {isa = PBXBuildFile; fileRef = 4B6B68EB1B8EB33100C4868A /* pngread.c */; settings = {ASSET_TAGS = (); }; };
		4B6B69021B8EB33100C4868A /* pngrio.c in Sources */ = {isa = PBXBuildFile; fileRef = 4B6B68EC1B8EB33100C4868A /* pngrio.c */; settings = {ASSET_TAGS = (); }; };
		4B6B69031B8EB33100C4868A /* pngrtran.c in Sources */ = {isa = PBXBuildFile; fileRef = 4B6B68ED1B8EB33100C4868A /* pngrtran.c */; settings = {ASSET_TAGS = (); }; };
		4B6B69041B8EB33100C4868A /* pngrutil.c in Sources */ = {isa = PBXBuildFile; fileRef = 4B6B68EE1B8EB33100C4868A /* pngrutil.c */; settings = {ASSET_TAGS = (); }; };
		4B6B69051B8EB33100C4868A /* pngset.c in Sources */ = {isa = PBXBuildFile; fileRef = 4B6B68EF1B8EB33100C4868A /* pngset.c */; settings = {ASSET_TAGS = (); }; };
		4B6B69061B8EB33100C4868A /* pngstruct.h in Headers */ = {isa = PBXBuildFile; fileRef = 4B6B68F01B8EB33100C4868A /* pngstruct.h */; settings = {ASSET_TAGS = (); }; };
		4B6B69071B8EB33100C4868A /* pngtrans.c in Sources */ = {isa = PBXBuildFile; fileRef = 4B6B68F11B8EB33100C4868A /* pngtrans.c */; settings = {ASSET_TAGS = (); }; };
		4B6B69081B8EB33100C4868A /* pngwio.c in Sources */ = {isa = PBXBuildFile; fileRef = 4B6B68F21B8EB33100C4868A /* pngwio.c */; settings = {ASSET_TAGS = (); }; };
		4B6B69091B8EB33100C4868A /* pngwrite.c in Sources */ = {isa = PBXBuildFile; fileRef = 4B6B68F31B8EB33100C4868A /* pngwrite.c */; settings = {ASSET_TAGS = (); }; };
		4B6B690A1B8EB33100C4868A /* pngwtran.c in Sources */ = {isa = PBXBuildFile; fileRef = 4B6B68F41B8EB33100C4868A /* pngwtran.c */; settings = {ASSET_TAGS = (); }; };
		4B6B690B1B8EB33100C4868A /* pngwutil.c in Sources */ = {isa = PBXBuildFile; fileRef = 4B6B68F51B8EB33100C4868A /* pngwutil.c */; settings = {ASSET_TAGS = (); }; };
		4B6B69101B8EB50B00C4868A /* PNGSource.swift in Sources */ = {isa = PBXBuildFile; fileRef = 4B6B690F1B8EB50B00C4868A /* PNGSource.swift */; settings = {ASSET_TAGS = (); }; };
		4B6B69121B8EB65F00C4868A /* Fundamental Tests.swift in Sources */ = {isa = PBXBuildFile; fileRef = 4B6B69111B8EB65F00C4868A /* Fundamental Tests.swift */; settings = {ASSET_TAGS = (); }; };
		4B6B69151B8EB98300C4868A /* Reader.swift in Sources */ = {isa = PBXBuildFile; fileRef = 4B6B69141B8EB98300C4868A /* Reader.swift */; settings = {ASSET_TAGS = (); }; };
		4B6B69171B8EBFC700C4868A /* ReaderTests.swift in Sources */ = {isa = PBXBuildFile; fileRef = 4B6B69161B8EBFC700C4868A /* ReaderTests.swift */; settings = {ASSET_TAGS = (); }; };
		4B6B69191B8ED1C300C4868A /* LibPNGTests.swift in Sources */ = {isa = PBXBuildFile; fileRef = 4B6B69181B8ED1C300C4868A /* LibPNGTests.swift */; settings = {ASSET_TAGS = (); }; };
		4B7D4ED61B9559BF005C0598 /* filter_neon_intrinsics.c in Sources */ = {isa = PBXBuildFile; fileRef = 4B7D4ED41B9559BF005C0598 /* filter_neon_intrinsics.c */; settings = {ASSET_TAGS = (); }; };
		4B7D4ED71B9559BF005C0598 /* filter_neon.S in Sources */ = {isa = PBXBuildFile; fileRef = 4B7D4ED51B9559BF005C0598 /* filter_neon.S */; settings = {ASSET_TAGS = (); }; };
		4B7D4ED91B955CBF005C0598 /* arm_init.c in Sources */ = {isa = PBXBuildFile; fileRef = 4B7D4ED81B955CBF005C0598 /* arm_init.c */; settings = {ASSET_TAGS = (); }; };
		4BF022041B94442800F00CDE /* APNGImageViewTests.swift in Sources */ = {isa = PBXBuildFile; fileRef = 4BF022031B94442800F00CDE /* APNGImageViewTests.swift */; settings = {ASSET_TAGS = (); }; };
		D122B9261B96CC8E00CB4F26 /* libz.tbd in Frameworks */ = {isa = PBXBuildFile; fileRef = D122B9251B96CC8E00CB4F26 /* libz.tbd */; };
		D127F6301B91D9FD0095832A /* APNGImageTests.swift in Sources */ = {isa = PBXBuildFile; fileRef = D127F62F1B91D9FD0095832A /* APNGImageTests.swift */; settings = {ASSET_TAGS = (); }; };
		D14B5B4B1B92B4A600F753E1 /* APNG-cube.apng in Resources */ = {isa = PBXBuildFile; fileRef = D14B5B471B92B4A600F753E1 /* APNG-cube.apng */; settings = {ASSET_TAGS = (); }; };
		D14B5B4C1B92B4A600F753E1 /* APNG-Icos4D.apng in Resources */ = {isa = PBXBuildFile; fileRef = D14B5B481B92B4A600F753E1 /* APNG-Icos4D.apng */; settings = {ASSET_TAGS = (); }; };
		D14B5B4D1B92B4A600F753E1 /* elephant_apng.apng in Resources */ = {isa = PBXBuildFile; fileRef = D14B5B491B92B4A600F753E1 /* elephant_apng.apng */; settings = {ASSET_TAGS = (); }; };
		D14B5B4E1B92B4A600F753E1 /* pyani.apng in Resources */ = {isa = PBXBuildFile; fileRef = D14B5B4A1B92B4A600F753E1 /* pyani.apng */; settings = {ASSET_TAGS = (); }; };
		D14B5B501B92DE4300F753E1 /* APNGImageCache.swift in Sources */ = {isa = PBXBuildFile; fileRef = D14B5B4F1B92DE4300F753E1 /* APNGImageCache.swift */; settings = {ASSET_TAGS = (); }; };
		D1614E221B91EDE200050104 /* ball.apng in Resources */ = {isa = PBXBuildFile; fileRef = D1614E1D1B91EDE200050104 /* ball.apng */; settings = {ASSET_TAGS = (); }; };
		D1614E231B91EDE200050104 /* over_background.apng in Resources */ = {isa = PBXBuildFile; fileRef = D1614E1E1B91EDE200050104 /* over_background.apng */; settings = {ASSET_TAGS = (); }; };
		D1614E241B91EDE200050104 /* over_none.apng in Resources */ = {isa = PBXBuildFile; fileRef = D1614E1F1B91EDE200050104 /* over_none.apng */; settings = {ASSET_TAGS = (); }; };
		D1614E251B91EDE200050104 /* over_previous.apng in Resources */ = {isa = PBXBuildFile; fileRef = D1614E201B91EDE200050104 /* over_previous.apng */; settings = {ASSET_TAGS = (); }; };
		D1614E261B91EDE200050104 /* spinfox.apng in Resources */ = {isa = PBXBuildFile; fileRef = D1614E211B91EDE200050104 /* spinfox.apng */; settings = {ASSET_TAGS = (); }; };
		D1614E2D1B91EDF800050104 /* ball.apng in Resources */ = {isa = PBXBuildFile; fileRef = D1614E281B91EDF800050104 /* ball.apng */; settings = {ASSET_TAGS = (); }; };
		D1614E2E1B91EDF800050104 /* over_background.apng in Resources */ = {isa = PBXBuildFile; fileRef = D1614E291B91EDF800050104 /* over_background.apng */; settings = {ASSET_TAGS = (); }; };
		D1614E2F1B91EDF800050104 /* over_none.apng in Resources */ = {isa = PBXBuildFile; fileRef = D1614E2A1B91EDF800050104 /* over_none.apng */; settings = {ASSET_TAGS = (); }; };
		D1614E301B91EDF800050104 /* over_previous.apng in Resources */ = {isa = PBXBuildFile; fileRef = D1614E2B1B91EDF800050104 /* over_previous.apng */; settings = {ASSET_TAGS = (); }; };
		D1614E311B91EDF800050104 /* spinfox.apng in Resources */ = {isa = PBXBuildFile; fileRef = D1614E2C1B91EDF800050104 /* spinfox.apng */; settings = {ASSET_TAGS = (); }; };
		D1614E331B91EE0000050104 /* minimalAPNG.apng in Resources */ = {isa = PBXBuildFile; fileRef = D1614E321B91EE0000050104 /* minimalAPNG.apng */; settings = {ASSET_TAGS = (); }; };
		D1614E351B91F28300050104 /* TableViewController.swift in Sources */ = {isa = PBXBuildFile; fileRef = D1614E341B91F28300050104 /* TableViewController.swift */; settings = {ASSET_TAGS = (); }; };
		D17398461B90A9B200913AEA /* APNGImageView.swift in Sources */ = {isa = PBXBuildFile; fileRef = D17398451B90A9B200913AEA /* APNGImageView.swift */; settings = {ASSET_TAGS = (); }; };
		D187FEE91B934F1B0013372D /* pyani.apng in Resources */ = {isa = PBXBuildFile; fileRef = D187FEE81B934F1B0013372D /* pyani.apng */; settings = {ASSET_TAGS = (); }; };
		D190199A1B930E1600E16EDB /* NSBundle+APNGKitTests.swift in Sources */ = {isa = PBXBuildFile; fileRef = D19019991B930E1600E16EDB /* NSBundle+APNGKitTests.swift */; settings = {ASSET_TAGS = (); }; };
		D190199C1B932A8E00E16EDB /* elephant_apng@2x.apng in Resources */ = {isa = PBXBuildFile; fileRef = D190199B1B932A8E00E16EDB /* elephant_apng@2x.apng */; settings = {ASSET_TAGS = (); }; };
		D190199E1B932A9600E16EDB /* elephant_apng@2x.apng in Resources */ = {isa = PBXBuildFile; fileRef = D190199D1B932A9600E16EDB /* elephant_apng@2x.apng */; settings = {ASSET_TAGS = (); }; };
		D19019A01B93351400E16EDB /* elephant_apng.apng in Resources */ = {isa = PBXBuildFile; fileRef = D190199F1B93351300E16EDB /* elephant_apng.apng */; settings = {ASSET_TAGS = (); }; };
		D19019A21B9336B100E16EDB /* APNGImageCacheTests.swift in Sources */ = {isa = PBXBuildFile; fileRef = D19019A11B9336B100E16EDB /* APNGImageCacheTests.swift */; settings = {ASSET_TAGS = (); }; };
		D199B1FB1B91445100BF8358 /* AppDelegate.swift in Sources */ = {isa = PBXBuildFile; fileRef = D199B1FA1B91445100BF8358 /* AppDelegate.swift */; };
		D199B2001B91445100BF8358 /* Main.storyboard in Resources */ = {isa = PBXBuildFile; fileRef = D199B1FE1B91445100BF8358 /* Main.storyboard */; };
		D199B2021B91445100BF8358 /* Assets.xcassets in Resources */ = {isa = PBXBuildFile; fileRef = D199B2011B91445100BF8358 /* Assets.xcassets */; };
		D199B2051B91445100BF8358 /* LaunchScreen.storyboard in Resources */ = {isa = PBXBuildFile; fileRef = D199B2031B91445100BF8358 /* LaunchScreen.storyboard */; };
		D199B2101B91445100BF8358 /* APNGKitDemoTests.swift in Sources */ = {isa = PBXBuildFile; fileRef = D199B20F1B91445100BF8358 /* APNGKitDemoTests.swift */; };
		D199B21B1B91445100BF8358 /* APNGKitDemoUITests.swift in Sources */ = {isa = PBXBuildFile; fileRef = D199B21A1B91445100BF8358 /* APNGKitDemoUITests.swift */; };
		D199B2281B9145F900BF8358 /* APNGKit.framework in Frameworks */ = {isa = PBXBuildFile; fileRef = 4B0D67391B8E9DBF00876BDF /* APNGKit.framework */; };
		D199B2291B9145F900BF8358 /* APNGKit.framework in Embed Frameworks */ = {isa = PBXBuildFile; fileRef = 4B0D67391B8E9DBF00876BDF /* APNGKit.framework */; settings = {ATTRIBUTES = (CodeSignOnCopy, RemoveHeadersOnCopy, ); }; };
		D1CFDB821B92051900B12135 /* DetailViewController.swift in Sources */ = {isa = PBXBuildFile; fileRef = D1CFDB811B92051900B12135 /* DetailViewController.swift */; settings = {ASSET_TAGS = (); }; };
/* End PBXBuildFile section */

/* Begin PBXContainerItemProxy section */
		4B0D67451B8E9DC000876BDF /* PBXContainerItemProxy */ = {
			isa = PBXContainerItemProxy;
			containerPortal = 4B0D67301B8E9DBF00876BDF /* Project object */;
			proxyType = 1;
			remoteGlobalIDString = 4B0D67381B8E9DBF00876BDF;
			remoteInfo = APNGKit;
		};
		D199B20C1B91445100BF8358 /* PBXContainerItemProxy */ = {
			isa = PBXContainerItemProxy;
			containerPortal = 4B0D67301B8E9DBF00876BDF /* Project object */;
			proxyType = 1;
			remoteGlobalIDString = D199B1F71B91445100BF8358;
			remoteInfo = APNGKitDemo;
		};
		D199B2171B91445100BF8358 /* PBXContainerItemProxy */ = {
			isa = PBXContainerItemProxy;
			containerPortal = 4B0D67301B8E9DBF00876BDF /* Project object */;
			proxyType = 1;
			remoteGlobalIDString = D199B1F71B91445100BF8358;
			remoteInfo = APNGKitDemo;
		};
		D199B22A1B9145F900BF8358 /* PBXContainerItemProxy */ = {
			isa = PBXContainerItemProxy;
			containerPortal = 4B0D67301B8E9DBF00876BDF /* Project object */;
			proxyType = 1;
			remoteGlobalIDString = 4B0D67381B8E9DBF00876BDF;
			remoteInfo = APNGKit;
		};
/* End PBXContainerItemProxy section */

/* Begin PBXCopyFilesBuildPhase section */
		D199B22C1B9145F900BF8358 /* Embed Frameworks */ = {
			isa = PBXCopyFilesBuildPhase;
			buildActionMask = 2147483647;
			dstPath = "";
			dstSubfolderSpec = 10;
			files = (
				D199B2291B9145F900BF8358 /* APNGKit.framework in Embed Frameworks */,
			);
			name = "Embed Frameworks";
			runOnlyForDeploymentPostprocessing = 0;
		};
/* End PBXCopyFilesBuildPhase section */

/* Begin PBXFileReference section */
		4B0D67391B8E9DBF00876BDF /* APNGKit.framework */ = {isa = PBXFileReference; explicitFileType = wrapper.framework; includeInIndex = 0; path = APNGKit.framework; sourceTree = BUILT_PRODUCTS_DIR; };
		4B0D673C1B8E9DBF00876BDF /* APNGKit.h */ = {isa = PBXFileReference; lastKnownFileType = sourcecode.c.h; path = APNGKit.h; sourceTree = "<group>"; };
		4B0D673E1B8E9DBF00876BDF /* Info.plist */ = {isa = PBXFileReference; lastKnownFileType = text.plist.xml; path = Info.plist; sourceTree = "<group>"; };
		4B0D67431B8E9DC000876BDF /* APNGKitTests.xctest */ = {isa = PBXFileReference; explicitFileType = wrapper.cfbundle; includeInIndex = 0; path = APNGKitTests.xctest; sourceTree = BUILT_PRODUCTS_DIR; };
		4B0D67481B8E9DC000876BDF /* APNGKitTests.swift */ = {isa = PBXFileReference; lastKnownFileType = sourcecode.swift; path = APNGKitTests.swift; sourceTree = "<group>"; };
		4B0D674A1B8E9DC000876BDF /* Info.plist */ = {isa = PBXFileReference; lastKnownFileType = text.plist.xml; path = Info.plist; sourceTree = "<group>"; };
		4B2132051B8EF20500A39502 /* Frame.swift */ = {isa = PBXFileReference; fileEncoding = 4; lastKnownFileType = sourcecode.swift; path = Frame.swift; sourceTree = "<group>"; };
		4B2132091B8EF39000A39502 /* LibAPNGTests.swift */ = {isa = PBXFileReference; fileEncoding = 4; lastKnownFileType = sourcecode.swift; path = LibAPNGTests.swift; sourceTree = "<group>"; };
		4B21320B1B8EF44800A39502 /* Disassembler.swift */ = {isa = PBXFileReference; fileEncoding = 4; lastKnownFileType = sourcecode.swift; path = Disassembler.swift; sourceTree = "<group>"; };
		4B21320F1B8EF4D500A39502 /* APNGImage.swift */ = {isa = PBXFileReference; fileEncoding = 4; lastKnownFileType = sourcecode.swift; path = APNGImage.swift; sourceTree = "<group>"; };
		4B2132111B8EF94F00A39502 /* DisassemblerTests.swift */ = {isa = PBXFileReference; fileEncoding = 4; lastKnownFileType = sourcecode.swift; path = DisassemblerTests.swift; sourceTree = "<group>"; };
		4B2132131B8EFA7900A39502 /* XCTAssertSwiftError.swift */ = {isa = PBXFileReference; fileEncoding = 4; lastKnownFileType = sourcecode.swift; path = XCTAssertSwiftError.swift; sourceTree = "<group>"; };
		4B5DF6831B99718C00C4D421 /* demo.png */ = {isa = PBXFileReference; explicitFileType = compiled; name = demo.png; path = images/demo.png; sourceTree = SOURCE_ROOT; };
		4B6B68E01B8EB33100C4868A /* png.c */ = {isa = PBXFileReference; fileEncoding = 4; lastKnownFileType = sourcecode.c.c; path = png.c; sourceTree = "<group>"; };
		4B6B68E11B8EB33100C4868A /* png.h */ = {isa = PBXFileReference; fileEncoding = 4; lastKnownFileType = sourcecode.c.h; path = png.h; sourceTree = "<group>"; };
		4B6B68E21B8EB33100C4868A /* pngconf.h */ = {isa = PBXFileReference; fileEncoding = 4; lastKnownFileType = sourcecode.c.h; path = pngconf.h; sourceTree = "<group>"; };
		4B6B68E31B8EB33100C4868A /* pngdebug.h */ = {isa = PBXFileReference; fileEncoding = 4; lastKnownFileType = sourcecode.c.h; path = pngdebug.h; sourceTree = "<group>"; };
		4B6B68E41B8EB33100C4868A /* pngerror.c */ = {isa = PBXFileReference; fileEncoding = 4; lastKnownFileType = sourcecode.c.c; path = pngerror.c; sourceTree = "<group>"; };
		4B6B68E51B8EB33100C4868A /* pngget.c */ = {isa = PBXFileReference; fileEncoding = 4; lastKnownFileType = sourcecode.c.c; path = pngget.c; sourceTree = "<group>"; };
		4B6B68E61B8EB33100C4868A /* pnginfo.h */ = {isa = PBXFileReference; fileEncoding = 4; lastKnownFileType = sourcecode.c.h; path = pnginfo.h; sourceTree = "<group>"; };
		4B6B68E71B8EB33100C4868A /* pnglibconf.h */ = {isa = PBXFileReference; fileEncoding = 4; lastKnownFileType = sourcecode.c.h; path = pnglibconf.h; sourceTree = "<group>"; };
		4B6B68E81B8EB33100C4868A /* pngmem.c */ = {isa = PBXFileReference; fileEncoding = 4; lastKnownFileType = sourcecode.c.c; path = pngmem.c; sourceTree = "<group>"; };
		4B6B68E91B8EB33100C4868A /* pngpread.c */ = {isa = PBXFileReference; fileEncoding = 4; lastKnownFileType = sourcecode.c.c; path = pngpread.c; sourceTree = "<group>"; };
		4B6B68EA1B8EB33100C4868A /* pngpriv.h */ = {isa = PBXFileReference; fileEncoding = 4; lastKnownFileType = sourcecode.c.h; path = pngpriv.h; sourceTree = "<group>"; };
		4B6B68EB1B8EB33100C4868A /* pngread.c */ = {isa = PBXFileReference; fileEncoding = 4; lastKnownFileType = sourcecode.c.c; path = pngread.c; sourceTree = "<group>"; };
		4B6B68EC1B8EB33100C4868A /* pngrio.c */ = {isa = PBXFileReference; fileEncoding = 4; lastKnownFileType = sourcecode.c.c; path = pngrio.c; sourceTree = "<group>"; };
		4B6B68ED1B8EB33100C4868A /* pngrtran.c */ = {isa = PBXFileReference; fileEncoding = 4; lastKnownFileType = sourcecode.c.c; path = pngrtran.c; sourceTree = "<group>"; };
		4B6B68EE1B8EB33100C4868A /* pngrutil.c */ = {isa = PBXFileReference; fileEncoding = 4; lastKnownFileType = sourcecode.c.c; path = pngrutil.c; sourceTree = "<group>"; };
		4B6B68EF1B8EB33100C4868A /* pngset.c */ = {isa = PBXFileReference; fileEncoding = 4; lastKnownFileType = sourcecode.c.c; path = pngset.c; sourceTree = "<group>"; };
		4B6B68F01B8EB33100C4868A /* pngstruct.h */ = {isa = PBXFileReference; fileEncoding = 4; lastKnownFileType = sourcecode.c.h; path = pngstruct.h; sourceTree = "<group>"; };
		4B6B68F11B8EB33100C4868A /* pngtrans.c */ = {isa = PBXFileReference; fileEncoding = 4; lastKnownFileType = sourcecode.c.c; path = pngtrans.c; sourceTree = "<group>"; };
		4B6B68F21B8EB33100C4868A /* pngwio.c */ = {isa = PBXFileReference; fileEncoding = 4; lastKnownFileType = sourcecode.c.c; path = pngwio.c; sourceTree = "<group>"; };
		4B6B68F31B8EB33100C4868A /* pngwrite.c */ = {isa = PBXFileReference; fileEncoding = 4; lastKnownFileType = sourcecode.c.c; path = pngwrite.c; sourceTree = "<group>"; };
		4B6B68F41B8EB33100C4868A /* pngwtran.c */ = {isa = PBXFileReference; fileEncoding = 4; lastKnownFileType = sourcecode.c.c; path = pngwtran.c; sourceTree = "<group>"; };
		4B6B68F51B8EB33100C4868A /* pngwutil.c */ = {isa = PBXFileReference; fileEncoding = 4; lastKnownFileType = sourcecode.c.c; path = pngwutil.c; sourceTree = "<group>"; };
		4B6B690F1B8EB50B00C4868A /* PNGSource.swift */ = {isa = PBXFileReference; fileEncoding = 4; lastKnownFileType = sourcecode.swift; path = PNGSource.swift; sourceTree = "<group>"; };
		4B6B69111B8EB65F00C4868A /* Fundamental Tests.swift */ = {isa = PBXFileReference; fileEncoding = 4; lastKnownFileType = sourcecode.swift; path = "Fundamental Tests.swift"; sourceTree = "<group>"; };
		4B6B69141B8EB98300C4868A /* Reader.swift */ = {isa = PBXFileReference; fileEncoding = 4; lastKnownFileType = sourcecode.swift; path = Reader.swift; sourceTree = "<group>"; };
		4B6B69161B8EBFC700C4868A /* ReaderTests.swift */ = {isa = PBXFileReference; fileEncoding = 4; lastKnownFileType = sourcecode.swift; path = ReaderTests.swift; sourceTree = "<group>"; };
		4B6B69181B8ED1C300C4868A /* LibPNGTests.swift */ = {isa = PBXFileReference; fileEncoding = 4; lastKnownFileType = sourcecode.swift; path = LibPNGTests.swift; sourceTree = "<group>"; };
		4B7D4ED41B9559BF005C0598 /* filter_neon_intrinsics.c */ = {isa = PBXFileReference; fileEncoding = 4; lastKnownFileType = sourcecode.c.c; path = filter_neon_intrinsics.c; sourceTree = "<group>"; };
		4B7D4ED51B9559BF005C0598 /* filter_neon.S */ = {isa = PBXFileReference; fileEncoding = 4; lastKnownFileType = sourcecode.asm; path = filter_neon.S; sourceTree = "<group>"; };
		4B7D4ED81B955CBF005C0598 /* arm_init.c */ = {isa = PBXFileReference; fileEncoding = 4; lastKnownFileType = sourcecode.c.c; path = arm_init.c; sourceTree = "<group>"; };
		4BF022031B94442800F00CDE /* APNGImageViewTests.swift */ = {isa = PBXFileReference; fileEncoding = 4; lastKnownFileType = sourcecode.swift; path = APNGImageViewTests.swift; sourceTree = "<group>"; };
		D122B9251B96CC8E00CB4F26 /* libz.tbd */ = {isa = PBXFileReference; lastKnownFileType = "sourcecode.text-based-dylib-definition"; name = libz.tbd; path = usr/lib/libz.tbd; sourceTree = SDKROOT; };
		D127F62F1B91D9FD0095832A /* APNGImageTests.swift */ = {isa = PBXFileReference; fileEncoding = 4; lastKnownFileType = sourcecode.swift; path = APNGImageTests.swift; sourceTree = "<group>"; };
		D14B5B471B92B4A600F753E1 /* APNG-cube.apng */ = {isa = PBXFileReference; lastKnownFileType = file; name = "APNG-cube.apng"; path = "TestImages/APNG-cube.apng"; sourceTree = SOURCE_ROOT; };
		D14B5B481B92B4A600F753E1 /* APNG-Icos4D.apng */ = {isa = PBXFileReference; lastKnownFileType = file; name = "APNG-Icos4D.apng"; path = "TestImages/APNG-Icos4D.apng"; sourceTree = SOURCE_ROOT; };
		D14B5B491B92B4A600F753E1 /* elephant_apng.apng */ = {isa = PBXFileReference; lastKnownFileType = file; name = elephant_apng.apng; path = TestImages/elephant_apng.apng; sourceTree = SOURCE_ROOT; };
		D14B5B4A1B92B4A600F753E1 /* pyani.apng */ = {isa = PBXFileReference; lastKnownFileType = file; name = pyani.apng; path = TestImages/pyani.apng; sourceTree = SOURCE_ROOT; };
		D14B5B4F1B92DE4300F753E1 /* APNGImageCache.swift */ = {isa = PBXFileReference; fileEncoding = 4; lastKnownFileType = sourcecode.swift; path = APNGImageCache.swift; sourceTree = "<group>"; };
		D1614E1D1B91EDE200050104 /* ball.apng */ = {isa = PBXFileReference; lastKnownFileType = file; name = ball.apng; path = TestImages/ball.apng; sourceTree = SOURCE_ROOT; };
		D1614E1E1B91EDE200050104 /* over_background.apng */ = {isa = PBXFileReference; lastKnownFileType = file; name = over_background.apng; path = TestImages/over_background.apng; sourceTree = SOURCE_ROOT; };
		D1614E1F1B91EDE200050104 /* over_none.apng */ = {isa = PBXFileReference; lastKnownFileType = file; name = over_none.apng; path = TestImages/over_none.apng; sourceTree = SOURCE_ROOT; };
		D1614E201B91EDE200050104 /* over_previous.apng */ = {isa = PBXFileReference; lastKnownFileType = file; name = over_previous.apng; path = TestImages/over_previous.apng; sourceTree = SOURCE_ROOT; };
		D1614E211B91EDE200050104 /* spinfox.apng */ = {isa = PBXFileReference; lastKnownFileType = file; name = spinfox.apng; path = TestImages/spinfox.apng; sourceTree = SOURCE_ROOT; };
		D1614E281B91EDF800050104 /* ball.apng */ = {isa = PBXFileReference; lastKnownFileType = file; name = ball.apng; path = TestImages/ball.apng; sourceTree = SOURCE_ROOT; };
		D1614E291B91EDF800050104 /* over_background.apng */ = {isa = PBXFileReference; lastKnownFileType = file; name = over_background.apng; path = TestImages/over_background.apng; sourceTree = SOURCE_ROOT; };
		D1614E2A1B91EDF800050104 /* over_none.apng */ = {isa = PBXFileReference; lastKnownFileType = file; name = over_none.apng; path = TestImages/over_none.apng; sourceTree = SOURCE_ROOT; };
		D1614E2B1B91EDF800050104 /* over_previous.apng */ = {isa = PBXFileReference; lastKnownFileType = file; name = over_previous.apng; path = TestImages/over_previous.apng; sourceTree = SOURCE_ROOT; };
		D1614E2C1B91EDF800050104 /* spinfox.apng */ = {isa = PBXFileReference; lastKnownFileType = file; name = spinfox.apng; path = TestImages/spinfox.apng; sourceTree = SOURCE_ROOT; };
		D1614E321B91EE0000050104 /* minimalAPNG.apng */ = {isa = PBXFileReference; lastKnownFileType = file; name = minimalAPNG.apng; path = TestImages/minimalAPNG.apng; sourceTree = SOURCE_ROOT; };
		D1614E341B91F28300050104 /* TableViewController.swift */ = {isa = PBXFileReference; fileEncoding = 4; lastKnownFileType = sourcecode.swift; path = TableViewController.swift; sourceTree = "<group>"; };
		D17398451B90A9B200913AEA /* APNGImageView.swift */ = {isa = PBXFileReference; fileEncoding = 4; lastKnownFileType = sourcecode.swift; path = APNGImageView.swift; sourceTree = "<group>"; };
		D187FEE81B934F1B0013372D /* pyani.apng */ = {isa = PBXFileReference; lastKnownFileType = file; name = pyani.apng; path = TestImages/pyani.apng; sourceTree = SOURCE_ROOT; };
		D19019991B930E1600E16EDB /* NSBundle+APNGKitTests.swift */ = {isa = PBXFileReference; fileEncoding = 4; lastKnownFileType = sourcecode.swift; path = "NSBundle+APNGKitTests.swift"; sourceTree = "<group>"; };
		D190199B1B932A8E00E16EDB /* elephant_apng@2x.apng */ = {isa = PBXFileReference; lastKnownFileType = file; name = "elephant_apng@2x.apng"; path = "TestImages/elephant_apng@2x.apng"; sourceTree = SOURCE_ROOT; };
		D190199D1B932A9600E16EDB /* elephant_apng@2x.apng */ = {isa = PBXFileReference; lastKnownFileType = file; name = "elephant_apng@2x.apng"; path = "TestImages/elephant_apng@2x.apng"; sourceTree = SOURCE_ROOT; };
		D190199F1B93351300E16EDB /* elephant_apng.apng */ = {isa = PBXFileReference; lastKnownFileType = file; name = elephant_apng.apng; path = TestImages/elephant_apng.apng; sourceTree = SOURCE_ROOT; };
		D19019A11B9336B100E16EDB /* APNGImageCacheTests.swift */ = {isa = PBXFileReference; fileEncoding = 4; lastKnownFileType = sourcecode.swift; path = APNGImageCacheTests.swift; sourceTree = "<group>"; };
		D199B1F81B91445100BF8358 /* APNGKitDemo.app */ = {isa = PBXFileReference; explicitFileType = wrapper.application; includeInIndex = 0; path = APNGKitDemo.app; sourceTree = BUILT_PRODUCTS_DIR; };
		D199B1FA1B91445100BF8358 /* AppDelegate.swift */ = {isa = PBXFileReference; lastKnownFileType = sourcecode.swift; path = AppDelegate.swift; sourceTree = "<group>"; };
		D199B1FF1B91445100BF8358 /* Base */ = {isa = PBXFileReference; lastKnownFileType = file.storyboard; name = Base; path = Base.lproj/Main.storyboard; sourceTree = "<group>"; };
		D199B2011B91445100BF8358 /* Assets.xcassets */ = {isa = PBXFileReference; lastKnownFileType = folder.assetcatalog; path = Assets.xcassets; sourceTree = "<group>"; };
		D199B2041B91445100BF8358 /* Base */ = {isa = PBXFileReference; lastKnownFileType = file.storyboard; name = Base; path = Base.lproj/LaunchScreen.storyboard; sourceTree = "<group>"; };
		D199B2061B91445100BF8358 /* Info.plist */ = {isa = PBXFileReference; lastKnownFileType = text.plist.xml; path = Info.plist; sourceTree = "<group>"; };
		D199B20B1B91445100BF8358 /* APNGKitDemoTests.xctest */ = {isa = PBXFileReference; explicitFileType = wrapper.cfbundle; includeInIndex = 0; path = APNGKitDemoTests.xctest; sourceTree = BUILT_PRODUCTS_DIR; };
		D199B20F1B91445100BF8358 /* APNGKitDemoTests.swift */ = {isa = PBXFileReference; lastKnownFileType = sourcecode.swift; path = APNGKitDemoTests.swift; sourceTree = "<group>"; };
		D199B2111B91445100BF8358 /* Info.plist */ = {isa = PBXFileReference; lastKnownFileType = text.plist.xml; path = Info.plist; sourceTree = "<group>"; };
		D199B2161B91445100BF8358 /* APNGKitDemoUITests.xctest */ = {isa = PBXFileReference; explicitFileType = wrapper.cfbundle; includeInIndex = 0; path = APNGKitDemoUITests.xctest; sourceTree = BUILT_PRODUCTS_DIR; };
		D199B21A1B91445100BF8358 /* APNGKitDemoUITests.swift */ = {isa = PBXFileReference; lastKnownFileType = sourcecode.swift; path = APNGKitDemoUITests.swift; sourceTree = "<group>"; };
		D199B21C1B91445100BF8358 /* Info.plist */ = {isa = PBXFileReference; lastKnownFileType = text.plist.xml; path = Info.plist; sourceTree = "<group>"; };
		D1CFDB811B92051900B12135 /* DetailViewController.swift */ = {isa = PBXFileReference; fileEncoding = 4; lastKnownFileType = sourcecode.swift; path = DetailViewController.swift; sourceTree = "<group>"; };
/* End PBXFileReference section */

/* Begin PBXFrameworksBuildPhase section */
		4B0D67351B8E9DBF00876BDF /* Frameworks */ = {
			isa = PBXFrameworksBuildPhase;
			buildActionMask = 2147483647;
			files = (
				D122B9261B96CC8E00CB4F26 /* libz.tbd in Frameworks */,
			);
			runOnlyForDeploymentPostprocessing = 0;
		};
		4B0D67401B8E9DC000876BDF /* Frameworks */ = {
			isa = PBXFrameworksBuildPhase;
			buildActionMask = 2147483647;
			files = (
				4B0D67441B8E9DC000876BDF /* APNGKit.framework in Frameworks */,
			);
			runOnlyForDeploymentPostprocessing = 0;
		};
		D199B1F51B91445100BF8358 /* Frameworks */ = {
			isa = PBXFrameworksBuildPhase;
			buildActionMask = 2147483647;
			files = (
				D199B2281B9145F900BF8358 /* APNGKit.framework in Frameworks */,
			);
			runOnlyForDeploymentPostprocessing = 0;
		};
		D199B2081B91445100BF8358 /* Frameworks */ = {
			isa = PBXFrameworksBuildPhase;
			buildActionMask = 2147483647;
			files = (
			);
			runOnlyForDeploymentPostprocessing = 0;
		};
		D199B2131B91445100BF8358 /* Frameworks */ = {
			isa = PBXFrameworksBuildPhase;
			buildActionMask = 2147483647;
			files = (
			);
			runOnlyForDeploymentPostprocessing = 0;
		};
/* End PBXFrameworksBuildPhase section */

/* Begin PBXGroup section */
		4B0D672F1B8E9DBF00876BDF = {
			isa = PBXGroup;
			children = (
				4B0D673B1B8E9DBF00876BDF /* APNGKit */,
				4B0D67471B8E9DC000876BDF /* APNGKitTests */,
				D199B1F91B91445100BF8358 /* APNGKitDemo */,
				D199B20E1B91445100BF8358 /* APNGKitDemoTests */,
				D199B2191B91445100BF8358 /* APNGKitDemoUITests */,
				4B0D673A1B8E9DBF00876BDF /* Products */,
			);
			sourceTree = "<group>";
		};
		4B0D673A1B8E9DBF00876BDF /* Products */ = {
			isa = PBXGroup;
			children = (
				4B0D67391B8E9DBF00876BDF /* APNGKit.framework */,
				4B0D67431B8E9DC000876BDF /* APNGKitTests.xctest */,
				D199B1F81B91445100BF8358 /* APNGKitDemo.app */,
				D199B20B1B91445100BF8358 /* APNGKitDemoTests.xctest */,
				D199B2161B91445100BF8358 /* APNGKitDemoUITests.xctest */,
			);
			name = Products;
			sourceTree = "<group>";
		};
		4B0D673B1B8E9DBF00876BDF /* APNGKit */ = {
			isa = PBXGroup;
			children = (
				4B6B68DF1B8EB33100C4868A /* libpng-apng */,
				4B0D673C1B8E9DBF00876BDF /* APNGKit.h */,
				4B0D673E1B8E9DBF00876BDF /* Info.plist */,
				4B6B69141B8EB98300C4868A /* Reader.swift */,
				4B2132051B8EF20500A39502 /* Frame.swift */,
				4B21320B1B8EF44800A39502 /* Disassembler.swift */,
				4B21320F1B8EF4D500A39502 /* APNGImage.swift */,
				D14B5B4F1B92DE4300F753E1 /* APNGImageCache.swift */,
				D17398451B90A9B200913AEA /* APNGImageView.swift */,
			);
			path = APNGKit;
			sourceTree = "<group>";
		};
		4B0D67471B8E9DC000876BDF /* APNGKitTests */ = {
			isa = PBXGroup;
			children = (
				D1614E1C1B91EDD700050104 /* TestImages */,
				4B6B69131B8EB66400C4868A /* Helpers */,
				4B0D67481B8E9DC000876BDF /* APNGKitTests.swift */,
				4B6B69111B8EB65F00C4868A /* Fundamental Tests.swift */,
				4B0D674A1B8E9DC000876BDF /* Info.plist */,
				4B6B69161B8EBFC700C4868A /* ReaderTests.swift */,
				4B6B69181B8ED1C300C4868A /* LibPNGTests.swift */,
				4B2132091B8EF39000A39502 /* LibAPNGTests.swift */,
				4B2132111B8EF94F00A39502 /* DisassemblerTests.swift */,
				D127F62F1B91D9FD0095832A /* APNGImageTests.swift */,
				4BF022031B94442800F00CDE /* APNGImageViewTests.swift */,
				D19019A11B9336B100E16EDB /* APNGImageCacheTests.swift */,
			);
			path = APNGKitTests;
			sourceTree = "<group>";
		};
		4B6B68DF1B8EB33100C4868A /* libpng-apng */ = {
			isa = PBXGroup;
			children = (
				4B6B690E1B8EB3B100C4868A /* lib */,
				4B7D4ED41B9559BF005C0598 /* filter_neon_intrinsics.c */,
				4B7D4ED51B9559BF005C0598 /* filter_neon.S */,
				4B7D4ED81B955CBF005C0598 /* arm_init.c */,
				4B6B68E01B8EB33100C4868A /* png.c */,
				4B6B68E11B8EB33100C4868A /* png.h */,
				4B6B68E21B8EB33100C4868A /* pngconf.h */,
				4B6B68E31B8EB33100C4868A /* pngdebug.h */,
				4B6B68E41B8EB33100C4868A /* pngerror.c */,
				4B6B68E51B8EB33100C4868A /* pngget.c */,
				4B6B68E61B8EB33100C4868A /* pnginfo.h */,
				4B6B68E71B8EB33100C4868A /* pnglibconf.h */,
				4B6B68E81B8EB33100C4868A /* pngmem.c */,
				4B6B68E91B8EB33100C4868A /* pngpread.c */,
				4B6B68EA1B8EB33100C4868A /* pngpriv.h */,
				4B6B68EB1B8EB33100C4868A /* pngread.c */,
				4B6B68EC1B8EB33100C4868A /* pngrio.c */,
				4B6B68ED1B8EB33100C4868A /* pngrtran.c */,
				4B6B68EE1B8EB33100C4868A /* pngrutil.c */,
				4B6B68EF1B8EB33100C4868A /* pngset.c */,
				4B6B68F01B8EB33100C4868A /* pngstruct.h */,
				4B6B68F11B8EB33100C4868A /* pngtrans.c */,
				4B6B68F21B8EB33100C4868A /* pngwio.c */,
				4B6B68F31B8EB33100C4868A /* pngwrite.c */,
				4B6B68F41B8EB33100C4868A /* pngwtran.c */,
				4B6B68F51B8EB33100C4868A /* pngwutil.c */,
			);
			path = "libpng-apng";
			sourceTree = "<group>";
		};
		4B6B690E1B8EB3B100C4868A /* lib */ = {
			isa = PBXGroup;
			children = (
				D122B9251B96CC8E00CB4F26 /* libz.tbd */,
			);
			name = lib;
			sourceTree = "<group>";
		};
		4B6B69131B8EB66400C4868A /* Helpers */ = {
			isa = PBXGroup;
			children = (
				4B6B690F1B8EB50B00C4868A /* PNGSource.swift */,
				4B2132131B8EFA7900A39502 /* XCTAssertSwiftError.swift */,
				D19019991B930E1600E16EDB /* NSBundle+APNGKitTests.swift */,
			);
			name = Helpers;
			sourceTree = "<group>";
		};
		D1614E1C1B91EDD700050104 /* TestImages */ = {
			isa = PBXGroup;
			children = (
				4B5DF6831B99718C00C4D421 /* demo.png */,
				D187FEE81B934F1B0013372D /* pyani.apng */,
				D190199F1B93351300E16EDB /* elephant_apng.apng */,
				D190199B1B932A8E00E16EDB /* elephant_apng@2x.apng */,
				D1614E321B91EE0000050104 /* minimalAPNG.apng */,
				D1614E1D1B91EDE200050104 /* ball.apng */,
				D1614E1E1B91EDE200050104 /* over_background.apng */,
				D1614E1F1B91EDE200050104 /* over_none.apng */,
				D1614E201B91EDE200050104 /* over_previous.apng */,
				D1614E211B91EDE200050104 /* spinfox.apng */,
			);
			name = TestImages;
			sourceTree = "<group>";
		};
		D1614E271B91EDEB00050104 /* TestImages */ = {
			isa = PBXGroup;
			children = (
				D190199D1B932A9600E16EDB /* elephant_apng@2x.apng */,
				D14B5B471B92B4A600F753E1 /* APNG-cube.apng */,
				D14B5B481B92B4A600F753E1 /* APNG-Icos4D.apng */,
				D14B5B491B92B4A600F753E1 /* elephant_apng.apng */,
				D14B5B4A1B92B4A600F753E1 /* pyani.apng */,
				D1614E281B91EDF800050104 /* ball.apng */,
				D1614E291B91EDF800050104 /* over_background.apng */,
				D1614E2A1B91EDF800050104 /* over_none.apng */,
				D1614E2B1B91EDF800050104 /* over_previous.apng */,
				D1614E2C1B91EDF800050104 /* spinfox.apng */,
			);
			name = TestImages;
			sourceTree = "<group>";
		};
		D199B1F91B91445100BF8358 /* APNGKitDemo */ = {
			isa = PBXGroup;
			children = (
				D1614E271B91EDEB00050104 /* TestImages */,
				D199B1FA1B91445100BF8358 /* AppDelegate.swift */,
				D199B1FE1B91445100BF8358 /* Main.storyboard */,
				D199B2011B91445100BF8358 /* Assets.xcassets */,
				D199B2031B91445100BF8358 /* LaunchScreen.storyboard */,
				D199B2061B91445100BF8358 /* Info.plist */,
				D1614E341B91F28300050104 /* TableViewController.swift */,
				D1CFDB811B92051900B12135 /* DetailViewController.swift */,
			);
			path = APNGKitDemo;
			sourceTree = "<group>";
		};
		D199B20E1B91445100BF8358 /* APNGKitDemoTests */ = {
			isa = PBXGroup;
			children = (
				D199B20F1B91445100BF8358 /* APNGKitDemoTests.swift */,
				D199B2111B91445100BF8358 /* Info.plist */,
			);
			path = APNGKitDemoTests;
			sourceTree = "<group>";
		};
		D199B2191B91445100BF8358 /* APNGKitDemoUITests */ = {
			isa = PBXGroup;
			children = (
				D199B21A1B91445100BF8358 /* APNGKitDemoUITests.swift */,
				D199B21C1B91445100BF8358 /* Info.plist */,
			);
			path = APNGKitDemoUITests;
			sourceTree = "<group>";
		};
/* End PBXGroup section */

/* Begin PBXHeadersBuildPhase section */
		4B0D67361B8E9DBF00876BDF /* Headers */ = {
			isa = PBXHeadersBuildPhase;
			buildActionMask = 2147483647;
			files = (
				4B6B68FC1B8EB33100C4868A /* pnginfo.h in Headers */,
				4B6B68F71B8EB33100C4868A /* png.h in Headers */,
				4B6B68FD1B8EB33100C4868A /* pnglibconf.h in Headers */,
				4B6B68F81B8EB33100C4868A /* pngconf.h in Headers */,
				4B6B68F91B8EB33100C4868A /* pngdebug.h in Headers */,
				4B6B69061B8EB33100C4868A /* pngstruct.h in Headers */,
				4B0D673D1B8E9DBF00876BDF /* APNGKit.h in Headers */,
				4B6B69001B8EB33100C4868A /* pngpriv.h in Headers */,
			);
			runOnlyForDeploymentPostprocessing = 0;
		};
/* End PBXHeadersBuildPhase section */

/* Begin PBXNativeTarget section */
		4B0D67381B8E9DBF00876BDF /* APNGKit */ = {
			isa = PBXNativeTarget;
			buildConfigurationList = 4B0D674D1B8E9DC000876BDF /* Build configuration list for PBXNativeTarget "APNGKit" */;
			buildPhases = (
				4B6B68DE1B8EA5FB00C4868A /* Copy libpng-apng files */,
				4B0D67341B8E9DBF00876BDF /* Sources */,
				4B0D67351B8E9DBF00876BDF /* Frameworks */,
				4B0D67361B8E9DBF00876BDF /* Headers */,
				4B0D67371B8E9DBF00876BDF /* Resources */,
				4B7D4ED31B955193005C0598 /* Update version */,
			);
			buildRules = (
			);
			dependencies = (
			);
			name = APNGKit;
			productName = APNGKit;
			productReference = 4B0D67391B8E9DBF00876BDF /* APNGKit.framework */;
			productType = "com.apple.product-type.framework";
		};
		4B0D67421B8E9DC000876BDF /* APNGKitTests */ = {
			isa = PBXNativeTarget;
			buildConfigurationList = 4B0D67501B8E9DC000876BDF /* Build configuration list for PBXNativeTarget "APNGKitTests" */;
			buildPhases = (
				4B0D673F1B8E9DC000876BDF /* Sources */,
				4B0D67401B8E9DC000876BDF /* Frameworks */,
				4B0D67411B8E9DC000876BDF /* Resources */,
			);
			buildRules = (
			);
			dependencies = (
				4B0D67461B8E9DC000876BDF /* PBXTargetDependency */,
			);
			name = APNGKitTests;
			productName = APNGKitTests;
			productReference = 4B0D67431B8E9DC000876BDF /* APNGKitTests.xctest */;
			productType = "com.apple.product-type.bundle.unit-test";
		};
		D199B1F71B91445100BF8358 /* APNGKitDemo */ = {
			isa = PBXNativeTarget;
			buildConfigurationList = D199B2231B91445100BF8358 /* Build configuration list for PBXNativeTarget "APNGKitDemo" */;
			buildPhases = (
				D199B1F41B91445100BF8358 /* Sources */,
				D199B1F51B91445100BF8358 /* Frameworks */,
				D199B1F61B91445100BF8358 /* Resources */,
				D199B22C1B9145F900BF8358 /* Embed Frameworks */,
			);
			buildRules = (
			);
			dependencies = (
				D199B22B1B9145F900BF8358 /* PBXTargetDependency */,
			);
			name = APNGKitDemo;
			productName = APNGKitDemo;
			productReference = D199B1F81B91445100BF8358 /* APNGKitDemo.app */;
			productType = "com.apple.product-type.application";
		};
		D199B20A1B91445100BF8358 /* APNGKitDemoTests */ = {
			isa = PBXNativeTarget;
			buildConfigurationList = D199B2241B91445100BF8358 /* Build configuration list for PBXNativeTarget "APNGKitDemoTests" */;
			buildPhases = (
				D199B2071B91445100BF8358 /* Sources */,
				D199B2081B91445100BF8358 /* Frameworks */,
				D199B2091B91445100BF8358 /* Resources */,
			);
			buildRules = (
			);
			dependencies = (
				D199B20D1B91445100BF8358 /* PBXTargetDependency */,
			);
			name = APNGKitDemoTests;
			productName = APNGKitDemoTests;
			productReference = D199B20B1B91445100BF8358 /* APNGKitDemoTests.xctest */;
			productType = "com.apple.product-type.bundle.unit-test";
		};
		D199B2151B91445100BF8358 /* APNGKitDemoUITests */ = {
			isa = PBXNativeTarget;
			buildConfigurationList = D199B2251B91445100BF8358 /* Build configuration list for PBXNativeTarget "APNGKitDemoUITests" */;
			buildPhases = (
				D199B2121B91445100BF8358 /* Sources */,
				D199B2131B91445100BF8358 /* Frameworks */,
				D199B2141B91445100BF8358 /* Resources */,
			);
			buildRules = (
			);
			dependencies = (
				D199B2181B91445100BF8358 /* PBXTargetDependency */,
			);
			name = APNGKitDemoUITests;
			productName = APNGKitDemoUITests;
			productReference = D199B2161B91445100BF8358 /* APNGKitDemoUITests.xctest */;
			productType = "com.apple.product-type.bundle.ui-testing";
		};
/* End PBXNativeTarget section */

/* Begin PBXProject section */
		4B0D67301B8E9DBF00876BDF /* Project object */ = {
			isa = PBXProject;
			attributes = {
				LastSwiftUpdateCheck = 0700;
				LastUpgradeCheck = 0700;
				ORGANIZATIONNAME = "OneV's Den";
				TargetAttributes = {
					4B0D67381B8E9DBF00876BDF = {
						CreatedOnToolsVersion = 7.0;
					};
					4B0D67421B8E9DC000876BDF = {
						CreatedOnToolsVersion = 7.0;
					};
					D199B1F71B91445100BF8358 = {
						CreatedOnToolsVersion = 7.0;
					};
					D199B20A1B91445100BF8358 = {
						CreatedOnToolsVersion = 7.0;
						TestTargetID = D199B1F71B91445100BF8358;
					};
					D199B2151B91445100BF8358 = {
						CreatedOnToolsVersion = 7.0;
						TestTargetID = D199B1F71B91445100BF8358;
					};
				};
			};
			buildConfigurationList = 4B0D67331B8E9DBF00876BDF /* Build configuration list for PBXProject "APNGKit" */;
			compatibilityVersion = "Xcode 3.2";
			developmentRegion = English;
			hasScannedForEncodings = 0;
			knownRegions = (
				en,
				Base,
			);
			mainGroup = 4B0D672F1B8E9DBF00876BDF;
			productRefGroup = 4B0D673A1B8E9DBF00876BDF /* Products */;
			projectDirPath = "";
			projectRoot = "";
			targets = (
				4B0D67381B8E9DBF00876BDF /* APNGKit */,
				4B0D67421B8E9DC000876BDF /* APNGKitTests */,
				D199B1F71B91445100BF8358 /* APNGKitDemo */,
				D199B20A1B91445100BF8358 /* APNGKitDemoTests */,
				D199B2151B91445100BF8358 /* APNGKitDemoUITests */,
			);
		};
/* End PBXProject section */

/* Begin PBXResourcesBuildPhase section */
		4B0D67371B8E9DBF00876BDF /* Resources */ = {
			isa = PBXResourcesBuildPhase;
			buildActionMask = 2147483647;
			files = (
			);
			runOnlyForDeploymentPostprocessing = 0;
		};
		4B0D67411B8E9DC000876BDF /* Resources */ = {
			isa = PBXResourcesBuildPhase;
			buildActionMask = 2147483647;
			files = (
				D1614E251B91EDE200050104 /* over_previous.apng in Resources */,
				D1614E331B91EE0000050104 /* minimalAPNG.apng in Resources */,
				D19019A01B93351400E16EDB /* elephant_apng.apng in Resources */,
				D1614E261B91EDE200050104 /* spinfox.apng in Resources */,
				D1614E221B91EDE200050104 /* ball.apng in Resources */,
				D1614E241B91EDE200050104 /* over_none.apng in Resources */,
				4B5DF6841B99718C00C4D421 /* demo.png in Resources */,
				D1614E231B91EDE200050104 /* over_background.apng in Resources */,
				D187FEE91B934F1B0013372D /* pyani.apng in Resources */,
				D190199C1B932A8E00E16EDB /* elephant_apng@2x.apng in Resources */,
			);
			runOnlyForDeploymentPostprocessing = 0;
		};
		D199B1F61B91445100BF8358 /* Resources */ = {
			isa = PBXResourcesBuildPhase;
			buildActionMask = 2147483647;
			files = (
				D199B2051B91445100BF8358 /* LaunchScreen.storyboard in Resources */,
				D14B5B4E1B92B4A600F753E1 /* pyani.apng in Resources */,
				D1614E2F1B91EDF800050104 /* over_none.apng in Resources */,
				D14B5B4B1B92B4A600F753E1 /* APNG-cube.apng in Resources */,
				D14B5B4D1B92B4A600F753E1 /* elephant_apng.apng in Resources */,
				D190199E1B932A9600E16EDB /* elephant_apng@2x.apng in Resources */,
				D14B5B4C1B92B4A600F753E1 /* APNG-Icos4D.apng in Resources */,
				D199B2021B91445100BF8358 /* Assets.xcassets in Resources */,
				D1614E2D1B91EDF800050104 /* ball.apng in Resources */,
				D199B2001B91445100BF8358 /* Main.storyboard in Resources */,
				D1614E311B91EDF800050104 /* spinfox.apng in Resources */,
				D1614E301B91EDF800050104 /* over_previous.apng in Resources */,
				D1614E2E1B91EDF800050104 /* over_background.apng in Resources */,
			);
			runOnlyForDeploymentPostprocessing = 0;
		};
		D199B2091B91445100BF8358 /* Resources */ = {
			isa = PBXResourcesBuildPhase;
			buildActionMask = 2147483647;
			files = (
			);
			runOnlyForDeploymentPostprocessing = 0;
		};
		D199B2141B91445100BF8358 /* Resources */ = {
			isa = PBXResourcesBuildPhase;
			buildActionMask = 2147483647;
			files = (
			);
			runOnlyForDeploymentPostprocessing = 0;
		};
/* End PBXResourcesBuildPhase section */

/* Begin PBXShellScriptBuildPhase section */
		4B6B68DE1B8EA5FB00C4868A /* Copy libpng-apng files */ = {
			isa = PBXShellScriptBuildPhase;
			buildActionMask = 2147483647;
			files = (
			);
			inputPaths = (
			);
			name = "Copy libpng-apng files";
			outputPaths = (
			);
			runOnlyForDeploymentPostprocessing = 0;
			shellPath = /bin/sh;
			shellScript = "./sync-libpng-apng";
		};
		4B7D4ED31B955193005C0598 /* Update version */ = {
			isa = PBXShellScriptBuildPhase;
			buildActionMask = 8;
			files = (
			);
			inputPaths = (
			);
			name = "Update version";
			outputPaths = (
			);
			runOnlyForDeploymentPostprocessing = 1;
			shellPath = /bin/sh;
			shellScript = "agvtool next-version -all";
		};
/* End PBXShellScriptBuildPhase section */

/* Begin PBXSourcesBuildPhase section */
		4B0D67341B8E9DBF00876BDF /* Sources */ = {
			isa = PBXSourcesBuildPhase;
			buildActionMask = 2147483647;
			files = (
				4B2132101B8EF4D500A39502 /* APNGImage.swift in Sources */,
				4B6B69071B8EB33100C4868A /* pngtrans.c in Sources */,
				4B6B69091B8EB33100C4868A /* pngwrite.c in Sources */,
				4B6B690A1B8EB33100C4868A /* pngwtran.c in Sources */,
				4B6B68FA1B8EB33100C4868A /* pngerror.c in Sources */,
				4B6B68FE1B8EB33100C4868A /* pngmem.c in Sources */,
				4B7D4ED91B955CBF005C0598 /* arm_init.c in Sources */,
				4B7D4ED71B9559BF005C0598 /* filter_neon.S in Sources */,
				D17398461B90A9B200913AEA /* APNGImageView.swift in Sources */,
				4B6B69021B8EB33100C4868A /* pngrio.c in Sources */,
				D14B5B501B92DE4300F753E1 /* APNGImageCache.swift in Sources */,
				4B7D4ED61B9559BF005C0598 /* filter_neon_intrinsics.c in Sources */,
				4B6B68F61B8EB33100C4868A /* png.c in Sources */,
				4B6B69081B8EB33100C4868A /* pngwio.c in Sources */,
				4B6B69051B8EB33100C4868A /* pngset.c in Sources */,
				4B2132061B8EF20500A39502 /* Frame.swift in Sources */,
				4B6B68FF1B8EB33100C4868A /* pngpread.c in Sources */,
				4B21320C1B8EF44800A39502 /* Disassembler.swift in Sources */,
				4B6B69151B8EB98300C4868A /* Reader.swift in Sources */,
				4B6B68FB1B8EB33100C4868A /* pngget.c in Sources */,
				4B6B69011B8EB33100C4868A /* pngread.c in Sources */,
				4B6B69041B8EB33100C4868A /* pngrutil.c in Sources */,
				4B6B690B1B8EB33100C4868A /* pngwutil.c in Sources */,
				4B6B69031B8EB33100C4868A /* pngrtran.c in Sources */,
			);
			runOnlyForDeploymentPostprocessing = 0;
		};
		4B0D673F1B8E9DC000876BDF /* Sources */ = {
			isa = PBXSourcesBuildPhase;
			buildActionMask = 2147483647;
			files = (
				4B6B69121B8EB65F00C4868A /* Fundamental Tests.swift in Sources */,
				D190199A1B930E1600E16EDB /* NSBundle+APNGKitTests.swift in Sources */,
				4BF022041B94442800F00CDE /* APNGImageViewTests.swift in Sources */,
				4B2132121B8EF94F00A39502 /* DisassemblerTests.swift in Sources */,
				4B6B69101B8EB50B00C4868A /* PNGSource.swift in Sources */,
				4B6B69171B8EBFC700C4868A /* ReaderTests.swift in Sources */,
				4B2132141B8EFA7900A39502 /* XCTAssertSwiftError.swift in Sources */,
				4B21320A1B8EF39000A39502 /* LibAPNGTests.swift in Sources */,
				4B0D67491B8E9DC000876BDF /* APNGKitTests.swift in Sources */,
				D19019A21B9336B100E16EDB /* APNGImageCacheTests.swift in Sources */,
				D127F6301B91D9FD0095832A /* APNGImageTests.swift in Sources */,
				4B6B69191B8ED1C300C4868A /* LibPNGTests.swift in Sources */,
			);
			runOnlyForDeploymentPostprocessing = 0;
		};
		D199B1F41B91445100BF8358 /* Sources */ = {
			isa = PBXSourcesBuildPhase;
			buildActionMask = 2147483647;
			files = (
				D1614E351B91F28300050104 /* TableViewController.swift in Sources */,
				D199B1FB1B91445100BF8358 /* AppDelegate.swift in Sources */,
				D1CFDB821B92051900B12135 /* DetailViewController.swift in Sources */,
			);
			runOnlyForDeploymentPostprocessing = 0;
		};
		D199B2071B91445100BF8358 /* Sources */ = {
			isa = PBXSourcesBuildPhase;
			buildActionMask = 2147483647;
			files = (
				D199B2101B91445100BF8358 /* APNGKitDemoTests.swift in Sources */,
			);
			runOnlyForDeploymentPostprocessing = 0;
		};
		D199B2121B91445100BF8358 /* Sources */ = {
			isa = PBXSourcesBuildPhase;
			buildActionMask = 2147483647;
			files = (
				D199B21B1B91445100BF8358 /* APNGKitDemoUITests.swift in Sources */,
			);
			runOnlyForDeploymentPostprocessing = 0;
		};
/* End PBXSourcesBuildPhase section */

/* Begin PBXTargetDependency section */
		4B0D67461B8E9DC000876BDF /* PBXTargetDependency */ = {
			isa = PBXTargetDependency;
			target = 4B0D67381B8E9DBF00876BDF /* APNGKit */;
			targetProxy = 4B0D67451B8E9DC000876BDF /* PBXContainerItemProxy */;
		};
		D199B20D1B91445100BF8358 /* PBXTargetDependency */ = {
			isa = PBXTargetDependency;
			target = D199B1F71B91445100BF8358 /* APNGKitDemo */;
			targetProxy = D199B20C1B91445100BF8358 /* PBXContainerItemProxy */;
		};
		D199B2181B91445100BF8358 /* PBXTargetDependency */ = {
			isa = PBXTargetDependency;
			target = D199B1F71B91445100BF8358 /* APNGKitDemo */;
			targetProxy = D199B2171B91445100BF8358 /* PBXContainerItemProxy */;
		};
		D199B22B1B9145F900BF8358 /* PBXTargetDependency */ = {
			isa = PBXTargetDependency;
			target = 4B0D67381B8E9DBF00876BDF /* APNGKit */;
			targetProxy = D199B22A1B9145F900BF8358 /* PBXContainerItemProxy */;
		};
/* End PBXTargetDependency section */

/* Begin PBXVariantGroup section */
		D199B1FE1B91445100BF8358 /* Main.storyboard */ = {
			isa = PBXVariantGroup;
			children = (
				D199B1FF1B91445100BF8358 /* Base */,
			);
			name = Main.storyboard;
			sourceTree = "<group>";
		};
		D199B2031B91445100BF8358 /* LaunchScreen.storyboard */ = {
			isa = PBXVariantGroup;
			children = (
				D199B2041B91445100BF8358 /* Base */,
			);
			name = LaunchScreen.storyboard;
			sourceTree = "<group>";
		};
/* End PBXVariantGroup section */

/* Begin XCBuildConfiguration section */
		4B0D674B1B8E9DC000876BDF /* Debug */ = {
			isa = XCBuildConfiguration;
			buildSettings = {
				ALWAYS_SEARCH_USER_PATHS = NO;
				CLANG_CXX_LANGUAGE_STANDARD = "gnu++0x";
				CLANG_CXX_LIBRARY = "libc++";
				CLANG_ENABLE_MODULES = YES;
				CLANG_ENABLE_OBJC_ARC = YES;
				CLANG_WARN_BOOL_CONVERSION = YES;
				CLANG_WARN_CONSTANT_CONVERSION = YES;
				CLANG_WARN_DIRECT_OBJC_ISA_USAGE = YES_ERROR;
				CLANG_WARN_EMPTY_BODY = YES;
				CLANG_WARN_ENUM_CONVERSION = YES;
				CLANG_WARN_INT_CONVERSION = YES;
				CLANG_WARN_OBJC_ROOT_CLASS = YES_ERROR;
				CLANG_WARN_UNREACHABLE_CODE = YES;
				CLANG_WARN__DUPLICATE_METHOD_MATCH = YES;
				"CODE_SIGN_IDENTITY[sdk=iphoneos*]" = "iPhone Developer";
				COPY_PHASE_STRIP = NO;
				CURRENT_PROJECT_VERSION = 112;
				DEBUG_INFORMATION_FORMAT = dwarf;
				ENABLE_STRICT_OBJC_MSGSEND = YES;
				ENABLE_TESTABILITY = YES;
				GCC_C_LANGUAGE_STANDARD = gnu99;
				GCC_DYNAMIC_NO_PIC = NO;
				GCC_NO_COMMON_BLOCKS = YES;
				GCC_OPTIMIZATION_LEVEL = 0;
				GCC_PREPROCESSOR_DEFINITIONS = (
					"DEBUG=1",
					"$(inherited)",
				);
				GCC_WARN_64_TO_32_BIT_CONVERSION = YES;
				GCC_WARN_ABOUT_RETURN_TYPE = YES_ERROR;
				GCC_WARN_UNDECLARED_SELECTOR = YES;
				GCC_WARN_UNINITIALIZED_AUTOS = YES_AGGRESSIVE;
				GCC_WARN_UNUSED_FUNCTION = YES;
				GCC_WARN_UNUSED_VARIABLE = YES;
				IPHONEOS_DEPLOYMENT_TARGET = 9.0;
				MTL_ENABLE_DEBUG_INFO = YES;
				ONLY_ACTIVE_ARCH = YES;
				SDKROOT = iphoneos;
				SWIFT_OPTIMIZATION_LEVEL = "-Onone";
				TARGETED_DEVICE_FAMILY = "1,2";
				VERSIONING_SYSTEM = "apple-generic";
				VERSION_INFO_PREFIX = "";
			};
			name = Debug;
		};
		4B0D674C1B8E9DC000876BDF /* Release */ = {
			isa = XCBuildConfiguration;
			buildSettings = {
				ALWAYS_SEARCH_USER_PATHS = NO;
				CLANG_CXX_LANGUAGE_STANDARD = "gnu++0x";
				CLANG_CXX_LIBRARY = "libc++";
				CLANG_ENABLE_MODULES = YES;
				CLANG_ENABLE_OBJC_ARC = YES;
				CLANG_WARN_BOOL_CONVERSION = YES;
				CLANG_WARN_CONSTANT_CONVERSION = YES;
				CLANG_WARN_DIRECT_OBJC_ISA_USAGE = YES_ERROR;
				CLANG_WARN_EMPTY_BODY = YES;
				CLANG_WARN_ENUM_CONVERSION = YES;
				CLANG_WARN_INT_CONVERSION = YES;
				CLANG_WARN_OBJC_ROOT_CLASS = YES_ERROR;
				CLANG_WARN_UNREACHABLE_CODE = YES;
				CLANG_WARN__DUPLICATE_METHOD_MATCH = YES;
				"CODE_SIGN_IDENTITY[sdk=iphoneos*]" = "iPhone Developer";
				COPY_PHASE_STRIP = NO;
				CURRENT_PROJECT_VERSION = 112;
				DEBUG_INFORMATION_FORMAT = "dwarf-with-dsym";
				ENABLE_NS_ASSERTIONS = NO;
				ENABLE_STRICT_OBJC_MSGSEND = YES;
				GCC_C_LANGUAGE_STANDARD = gnu99;
				GCC_NO_COMMON_BLOCKS = YES;
				GCC_WARN_64_TO_32_BIT_CONVERSION = YES;
				GCC_WARN_ABOUT_RETURN_TYPE = YES_ERROR;
				GCC_WARN_UNDECLARED_SELECTOR = YES;
				GCC_WARN_UNINITIALIZED_AUTOS = YES_AGGRESSIVE;
				GCC_WARN_UNUSED_FUNCTION = YES;
				GCC_WARN_UNUSED_VARIABLE = YES;
				IPHONEOS_DEPLOYMENT_TARGET = 9.0;
				MTL_ENABLE_DEBUG_INFO = NO;
				SDKROOT = iphoneos;
				TARGETED_DEVICE_FAMILY = "1,2";
				VALIDATE_PRODUCT = YES;
				VERSIONING_SYSTEM = "apple-generic";
				VERSION_INFO_PREFIX = "";
			};
			name = Release;
		};
		4B0D674E1B8E9DC000876BDF /* Debug */ = {
			isa = XCBuildConfiguration;
			buildSettings = {
				CLANG_ENABLE_MODULES = YES;
				DEFINES_MODULE = YES;
				DYLIB_COMPATIBILITY_VERSION = 1;
				DYLIB_CURRENT_VERSION = 112;
				DYLIB_INSTALL_NAME_BASE = "@rpath";
				INFOPLIST_FILE = APNGKit/Info.plist;
				INSTALL_PATH = "$(LOCAL_LIBRARY_DIR)/Frameworks";
				IPHONEOS_DEPLOYMENT_TARGET = 8.0;
				LD_RUNPATH_SEARCH_PATHS = "$(inherited) @executable_path/Frameworks @loader_path/Frameworks";
				PRODUCT_BUNDLE_IDENTIFIER = com.onevcat.APNGKit;
				PRODUCT_NAME = "$(TARGET_NAME)";
				SKIP_INSTALL = YES;
				SWIFT_OPTIMIZATION_LEVEL = "-Onone";
			};
			name = Debug;
		};
		4B0D674F1B8E9DC000876BDF /* Release */ = {
			isa = XCBuildConfiguration;
			buildSettings = {
				CLANG_ENABLE_MODULES = YES;
				DEFINES_MODULE = YES;
				DYLIB_COMPATIBILITY_VERSION = 1;
				DYLIB_CURRENT_VERSION = 112;
				DYLIB_INSTALL_NAME_BASE = "@rpath";
				INFOPLIST_FILE = APNGKit/Info.plist;
				INSTALL_PATH = "$(LOCAL_LIBRARY_DIR)/Frameworks";
				IPHONEOS_DEPLOYMENT_TARGET = 8.0;
				LD_RUNPATH_SEARCH_PATHS = "$(inherited) @executable_path/Frameworks @loader_path/Frameworks";
				PRODUCT_BUNDLE_IDENTIFIER = com.onevcat.APNGKit;
				PRODUCT_NAME = "$(TARGET_NAME)";
				SKIP_INSTALL = YES;
			};
			name = Release;
		};
		4B0D67511B8E9DC000876BDF /* Debug */ = {
			isa = XCBuildConfiguration;
			buildSettings = {
				INFOPLIST_FILE = APNGKitTests/Info.plist;
				LD_RUNPATH_SEARCH_PATHS = "$(inherited) @executable_path/Frameworks @loader_path/Frameworks";
				PRODUCT_BUNDLE_IDENTIFIER = com.onevcat.APNGKitTests;
				PRODUCT_NAME = "$(TARGET_NAME)";
			};
			name = Debug;
		};
		4B0D67521B8E9DC000876BDF /* Release */ = {
			isa = XCBuildConfiguration;
			buildSettings = {
				INFOPLIST_FILE = APNGKitTests/Info.plist;
				LD_RUNPATH_SEARCH_PATHS = "$(inherited) @executable_path/Frameworks @loader_path/Frameworks";
				PRODUCT_BUNDLE_IDENTIFIER = com.onevcat.APNGKitTests;
				PRODUCT_NAME = "$(TARGET_NAME)";
			};
			name = Release;
		};
		D199B21D1B91445100BF8358 /* Debug */ = {
			isa = XCBuildConfiguration;
			buildSettings = {
				ASSETCATALOG_COMPILER_APPICON_NAME = AppIcon;
				EMBEDDED_CONTENT_CONTAINS_SWIFT = YES;
				INFOPLIST_FILE = APNGKitDemo/Info.plist;
				IPHONEOS_DEPLOYMENT_TARGET = 8.4;
				LD_RUNPATH_SEARCH_PATHS = "$(inherited) @executable_path/Frameworks";
				PRODUCT_BUNDLE_IDENTIFIER = com.onevcat.APNGKitDemo;
				PRODUCT_NAME = "$(TARGET_NAME)";
			};
			name = Debug;
		};
		D199B21E1B91445100BF8358 /* Release */ = {
			isa = XCBuildConfiguration;
			buildSettings = {
				ASSETCATALOG_COMPILER_APPICON_NAME = AppIcon;
				EMBEDDED_CONTENT_CONTAINS_SWIFT = YES;
				INFOPLIST_FILE = APNGKitDemo/Info.plist;
				IPHONEOS_DEPLOYMENT_TARGET = 8.4;
				LD_RUNPATH_SEARCH_PATHS = "$(inherited) @executable_path/Frameworks";
				PRODUCT_BUNDLE_IDENTIFIER = com.onevcat.APNGKitDemo;
				PRODUCT_NAME = "$(TARGET_NAME)";
			};
			name = Release;
		};
		D199B21F1B91445100BF8358 /* Debug */ = {
			isa = XCBuildConfiguration;
			buildSettings = {
				BUNDLE_LOADER = "$(TEST_HOST)";
				INFOPLIST_FILE = APNGKitDemoTests/Info.plist;
				LD_RUNPATH_SEARCH_PATHS = "$(inherited) @executable_path/Frameworks @loader_path/Frameworks";
				PRODUCT_BUNDLE_IDENTIFIER = com.onevcat.APNGKitDemoTests;
				PRODUCT_NAME = "$(TARGET_NAME)";
				TEST_HOST = "$(BUILT_PRODUCTS_DIR)/APNGKitDemo.app/APNGKitDemo";
			};
			name = Debug;
		};
		D199B2201B91445100BF8358 /* Release */ = {
			isa = XCBuildConfiguration;
			buildSettings = {
				BUNDLE_LOADER = "$(TEST_HOST)";
				INFOPLIST_FILE = APNGKitDemoTests/Info.plist;
				LD_RUNPATH_SEARCH_PATHS = "$(inherited) @executable_path/Frameworks @loader_path/Frameworks";
				PRODUCT_BUNDLE_IDENTIFIER = com.onevcat.APNGKitDemoTests;
				PRODUCT_NAME = "$(TARGET_NAME)";
				TEST_HOST = "$(BUILT_PRODUCTS_DIR)/APNGKitDemo.app/APNGKitDemo";
			};
			name = Release;
		};
		D199B2211B91445100BF8358 /* Debug */ = {
			isa = XCBuildConfiguration;
			buildSettings = {
				INFOPLIST_FILE = APNGKitDemoUITests/Info.plist;
				LD_RUNPATH_SEARCH_PATHS = "$(inherited) @executable_path/Frameworks @loader_path/Frameworks";
				PRODUCT_BUNDLE_IDENTIFIER = com.onevcat.APNGKitDemoUITests;
				PRODUCT_NAME = "$(TARGET_NAME)";
				TEST_TARGET_NAME = APNGKitDemo;
				USES_XCTRUNNER = YES;
			};
			name = Debug;
		};
		D199B2221B91445100BF8358 /* Release */ = {
			isa = XCBuildConfiguration;
			buildSettings = {
				INFOPLIST_FILE = APNGKitDemoUITests/Info.plist;
				LD_RUNPATH_SEARCH_PATHS = "$(inherited) @executable_path/Frameworks @loader_path/Frameworks";
				PRODUCT_BUNDLE_IDENTIFIER = com.onevcat.APNGKitDemoUITests;
				PRODUCT_NAME = "$(TARGET_NAME)";
				TEST_TARGET_NAME = APNGKitDemo;
				USES_XCTRUNNER = YES;
			};
			name = Release;
		};
/* End XCBuildConfiguration section */

/* Begin XCConfigurationList section */
		4B0D67331B8E9DBF00876BDF /* Build configuration list for PBXProject "APNGKit" */ = {
			isa = XCConfigurationList;
			buildConfigurations = (
				4B0D674B1B8E9DC000876BDF /* Debug */,
				4B0D674C1B8E9DC000876BDF /* Release */,
			);
			defaultConfigurationIsVisible = 0;
			defaultConfigurationName = Release;
		};
		4B0D674D1B8E9DC000876BDF /* Build configuration list for PBXNativeTarget "APNGKit" */ = {
			isa = XCConfigurationList;
			buildConfigurations = (
				4B0D674E1B8E9DC000876BDF /* Debug */,
				4B0D674F1B8E9DC000876BDF /* Release */,
			);
			defaultConfigurationIsVisible = 0;
			defaultConfigurationName = Release;
		};
		4B0D67501B8E9DC000876BDF /* Build configuration list for PBXNativeTarget "APNGKitTests" */ = {
			isa = XCConfigurationList;
			buildConfigurations = (
				4B0D67511B8E9DC000876BDF /* Debug */,
				4B0D67521B8E9DC000876BDF /* Release */,
			);
			defaultConfigurationIsVisible = 0;
			defaultConfigurationName = Release;
		};
		D199B2231B91445100BF8358 /* Build configuration list for PBXNativeTarget "APNGKitDemo" */ = {
			isa = XCConfigurationList;
			buildConfigurations = (
				D199B21D1B91445100BF8358 /* Debug */,
				D199B21E1B91445100BF8358 /* Release */,
			);
			defaultConfigurationIsVisible = 0;
			defaultConfigurationName = Release;
		};
		D199B2241B91445100BF8358 /* Build configuration list for PBXNativeTarget "APNGKitDemoTests" */ = {
			isa = XCConfigurationList;
			buildConfigurations = (
				D199B21F1B91445100BF8358 /* Debug */,
				D199B2201B91445100BF8358 /* Release */,
			);
			defaultConfigurationIsVisible = 0;
			defaultConfigurationName = Release;
		};
		D199B2251B91445100BF8358 /* Build configuration list for PBXNativeTarget "APNGKitDemoUITests" */ = {
			isa = XCConfigurationList;
			buildConfigurations = (
				D199B2211B91445100BF8358 /* Debug */,
				D199B2221B91445100BF8358 /* Release */,
			);
			defaultConfigurationIsVisible = 0;
			defaultConfigurationName = Release;
		};
/* End XCConfigurationList section */
	};
	rootObject = 4B0D67301B8E9DBF00876BDF /* Project object */;
}
