// !$*UTF8*$!
{
	archiveVersion = 1;
	classes = {
	};
	objectVersion = 55;
	objects = {

/* Begin PBXBuildFile section */
		4BB97D95271C07E0006A2787 /* APNGKit in Frameworks */ = {isa = PBXBuildFile; productRef = 4BB97D94271C07E0006A2787 /* APNGKit */; };
		4BC3D919271C095D004DF785 /* elephant_apng@2x.apng in Resources */ = {isa = PBXBuildFile; fileRef = 4BC3D8CE271C095D004DF785 /* elephant_apng@2x.apng */; };
		4BC3D91A271C095D004DF785 /* APNG-4D.apng in Resources */ = {isa = PBXBuildFile; fileRef = 4BC3D8CF271C095D004DF785 /* APNG-4D.apng */; };
		4BC3D91B271C095D004DF785 /* spinfox.apng in Resources */ = {isa = PBXBuildFile; fileRef = 4BC3D8D0271C095D004DF785 /* spinfox.apng */; };
		4BC3D91C271C095D004DF785 /* elephant_apng.apng in Resources */ = {isa = PBXBuildFile; fileRef = 4BC3D8D1271C095D004DF785 /* elephant_apng.apng */; };
		4BC3D91D271C095D004DF785 /* ball.apng in Resources */ = {isa = PBXBuildFile; fileRef = 4BC3D8D2271C095D004DF785 /* ball.apng */; };
		4BC3D91E271C095D004DF785 /* APNG-cube.apng in Resources */ = {isa = PBXBuildFile; fileRef = 4BC3D8D3271C095D004DF785 /* APNG-cube.apng */; };
		4BC3D91F271C095D004DF785 /* over_none.apng in Resources */ = {isa = PBXBuildFile; fileRef = 4BC3D8D4271C095D004DF785 /* over_none.apng */; };
		4BC3D920271C095D004DF785 /* over_background.apng in Resources */ = {isa = PBXBuildFile; fileRef = 4BC3D8D5271C095D004DF785 /* over_background.apng */; };
		4BC3D921271C095D004DF785 /* pia.png in Resources */ = {isa = PBXBuildFile; fileRef = 4BC3D8D6271C095D004DF785 /* pia.png */; };
		4BC3D922271C095D004DF785 /* malformed-size.apng in Resources */ = {isa = PBXBuildFile; fileRef = 4BC3D8D7271C095D004DF785 /* malformed-size.apng */; };
		4BC3D923271C095D004DF785 /* pyani.apng in Resources */ = {isa = PBXBuildFile; fileRef = 4BC3D8D8271C095D004DF785 /* pyani.apng */; };
		4BC3D924271C095D004DF785 /* minimalAPNG.apng in Resources */ = {isa = PBXBuildFile; fileRef = 4BC3D8D9271C095D004DF785 /* minimalAPNG.apng */; };
		4BC3D925271C095D004DF785 /* over_previous.apng in Resources */ = {isa = PBXBuildFile; fileRef = 4BC3D8DA271C095D004DF785 /* over_previous.apng */; };
		4BC3D926271C095D004DF785 /* 002.png in Resources */ = {isa = PBXBuildFile; fileRef = 4BC3D8DC271C095D004DF785 /* 002.png */; };
		4BC3D927271C095D004DF785 /* 016.png in Resources */ = {isa = PBXBuildFile; fileRef = 4BC3D8DD271C095D004DF785 /* 016.png */; };
		4BC3D928271C095D004DF785 /* 017.png in Resources */ = {isa = PBXBuildFile; fileRef = 4BC3D8DE271C095D004DF785 /* 017.png */; };
		4BC3D929271C095D004DF785 /* 003.png in Resources */ = {isa = PBXBuildFile; fileRef = 4BC3D8DF271C095D004DF785 /* 003.png */; };
		4BC3D92A271C095D004DF785 /* 029.png in Resources */ = {isa = PBXBuildFile; fileRef = 4BC3D8E0271C095D004DF785 /* 029.png */; };
		4BC3D92B271C095D004DF785 /* 015.png in Resources */ = {isa = PBXBuildFile; fileRef = 4BC3D8E1271C095D004DF785 /* 015.png */; };
		4BC3D92C271C095D004DF785 /* 001.png in Resources */ = {isa = PBXBuildFile; fileRef = 4BC3D8E2271C095D004DF785 /* 001.png */; };
		4BC3D92D271C095D004DF785 /* 000.png in Resources */ = {isa = PBXBuildFile; fileRef = 4BC3D8E3271C095D004DF785 /* 000.png */; };
		4BC3D92E271C095D004DF785 /* 014.png in Resources */ = {isa = PBXBuildFile; fileRef = 4BC3D8E4271C095D004DF785 /* 014.png */; };
		4BC3D92F271C095D004DF785 /* 028.png in Resources */ = {isa = PBXBuildFile; fileRef = 4BC3D8E5271C095D004DF785 /* 028.png */; };
		4BC3D930271C095D004DF785 /* 010.png in Resources */ = {isa = PBXBuildFile; fileRef = 4BC3D8E6271C095D004DF785 /* 010.png */; };
		4BC3D931271C095D004DF785 /* 004.png in Resources */ = {isa = PBXBuildFile; fileRef = 4BC3D8E7271C095D004DF785 /* 004.png */; };
		4BC3D932271C095D004DF785 /* 038.png in Resources */ = {isa = PBXBuildFile; fileRef = 4BC3D8E8271C095D004DF785 /* 038.png */; };
		4BC3D933271C095D004DF785 /* 039.png in Resources */ = {isa = PBXBuildFile; fileRef = 4BC3D8E9271C095D004DF785 /* 039.png */; };
		4BC3D934271C095D004DF785 /* 005.png in Resources */ = {isa = PBXBuildFile; fileRef = 4BC3D8EA271C095D004DF785 /* 005.png */; };
		4BC3D935271C095D004DF785 /* 011.png in Resources */ = {isa = PBXBuildFile; fileRef = 4BC3D8EB271C095D004DF785 /* 011.png */; };
		4BC3D936271C095D004DF785 /* 007.png in Resources */ = {isa = PBXBuildFile; fileRef = 4BC3D8EC271C095D004DF785 /* 007.png */; };
		4BC3D937271C095D004DF785 /* 013.png in Resources */ = {isa = PBXBuildFile; fileRef = 4BC3D8ED271C095D004DF785 /* 013.png */; };
		4BC3D938271C095D004DF785 /* 012.png in Resources */ = {isa = PBXBuildFile; fileRef = 4BC3D8EE271C095D004DF785 /* 012.png */; };
		4BC3D939271C095D004DF785 /* 006.png in Resources */ = {isa = PBXBuildFile; fileRef = 4BC3D8EF271C095D004DF785 /* 006.png */; };
		4BC3D93A271C095D004DF785 /* 049.png in Resources */ = {isa = PBXBuildFile; fileRef = 4BC3D8F0271C095D004DF785 /* 049.png */; };
		4BC3D93B271C095D004DF785 /* 060.png in Resources */ = {isa = PBXBuildFile; fileRef = 4BC3D8F1271C095D004DF785 /* 060.png */; };
		4BC3D93C271C095D004DF785 /* 048.png in Resources */ = {isa = PBXBuildFile; fileRef = 4BC3D8F2271C095D004DF785 /* 048.png */; };
		4BC3D93D271C095D004DF785 /* 058.png in Resources */ = {isa = PBXBuildFile; fileRef = 4BC3D8F3271C095D004DF785 /* 058.png */; };
		4BC3D93E271C095D004DF785 /* 059.png in Resources */ = {isa = PBXBuildFile; fileRef = 4BC3D8F4271C095D004DF785 /* 059.png */; };
		4BC3D93F271C095D004DF785 /* 040.png in Resources */ = {isa = PBXBuildFile; fileRef = 4BC3D8F5271C095D004DF785 /* 040.png */; };
		4BC3D940271C095D004DF785 /* 054.png in Resources */ = {isa = PBXBuildFile; fileRef = 4BC3D8F6271C095D004DF785 /* 054.png */; };
		4BC3D941271C095D004DF785 /* 055.png in Resources */ = {isa = PBXBuildFile; fileRef = 4BC3D8F7271C095D004DF785 /* 055.png */; };
		4BC3D942271C095D004DF785 /* 041.png in Resources */ = {isa = PBXBuildFile; fileRef = 4BC3D8F8271C095D004DF785 /* 041.png */; };
		4BC3D943271C095D004DF785 /* 057.png in Resources */ = {isa = PBXBuildFile; fileRef = 4BC3D8F9271C095D004DF785 /* 057.png */; };
		4BC3D944271C095D004DF785 /* 043.png in Resources */ = {isa = PBXBuildFile; fileRef = 4BC3D8FA271C095D004DF785 /* 043.png */; };
		4BC3D945271C095D004DF785 /* 042.png in Resources */ = {isa = PBXBuildFile; fileRef = 4BC3D8FB271C095D004DF785 /* 042.png */; };
		4BC3D946271C095D004DF785 /* 056.png in Resources */ = {isa = PBXBuildFile; fileRef = 4BC3D8FC271C095D004DF785 /* 056.png */; };
		4BC3D947271C095D004DF785 /* 052.png in Resources */ = {isa = PBXBuildFile; fileRef = 4BC3D8FD271C095D004DF785 /* 052.png */; };
		4BC3D948271C095D004DF785 /* 046.png in Resources */ = {isa = PBXBuildFile; fileRef = 4BC3D8FE271C095D004DF785 /* 046.png */; };
		4BC3D949271C095D004DF785 /* 047.png in Resources */ = {isa = PBXBuildFile; fileRef = 4BC3D8FF271C095D004DF785 /* 047.png */; };
		4BC3D94A271C095D004DF785 /* 053.png in Resources */ = {isa = PBXBuildFile; fileRef = 4BC3D900271C095D004DF785 /* 053.png */; };
		4BC3D94B271C095D004DF785 /* 045.png in Resources */ = {isa = PBXBuildFile; fileRef = 4BC3D901271C095D004DF785 /* 045.png */; };
		4BC3D94C271C095D004DF785 /* 051.png in Resources */ = {isa = PBXBuildFile; fileRef = 4BC3D902271C095D004DF785 /* 051.png */; };
		4BC3D94D271C095D004DF785 /* 050.png in Resources */ = {isa = PBXBuildFile; fileRef = 4BC3D903271C095D004DF785 /* 050.png */; };
		4BC3D94E271C095D004DF785 /* 044.png in Resources */ = {isa = PBXBuildFile; fileRef = 4BC3D904271C095D004DF785 /* 044.png */; };
		4BC3D94F271C095D004DF785 /* 023.png in Resources */ = {isa = PBXBuildFile; fileRef = 4BC3D905271C095D004DF785 /* 023.png */; };
		4BC3D950271C095D004DF785 /* 037.png in Resources */ = {isa = PBXBuildFile; fileRef = 4BC3D906271C095D004DF785 /* 037.png */; };
		4BC3D951271C095D004DF785 /* 036.png in Resources */ = {isa = PBXBuildFile; fileRef = 4BC3D907271C095D004DF785 /* 036.png */; };
		4BC3D952271C095D004DF785 /* 022.png in Resources */ = {isa = PBXBuildFile; fileRef = 4BC3D908271C095D004DF785 /* 022.png */; };
		4BC3D953271C095D004DF785 /* 008.png in Resources */ = {isa = PBXBuildFile; fileRef = 4BC3D909271C095D004DF785 /* 008.png */; };
		4BC3D954271C095D004DF785 /* 034.png in Resources */ = {isa = PBXBuildFile; fileRef = 4BC3D90A271C095D004DF785 /* 034.png */; };
		4BC3D955271C095D004DF785 /* 020.png in Resources */ = {isa = PBXBuildFile; fileRef = 4BC3D90B271C095D004DF785 /* 020.png */; };
		4BC3D956271C095D004DF785 /* 021.png in Resources */ = {isa = PBXBuildFile; fileRef = 4BC3D90C271C095D004DF785 /* 021.png */; };
		4BC3D957271C095D004DF785 /* 035.png in Resources */ = {isa = PBXBuildFile; fileRef = 4BC3D90D271C095D004DF785 /* 035.png */; };
		4BC3D958271C095D004DF785 /* 009.png in Resources */ = {isa = PBXBuildFile; fileRef = 4BC3D90E271C095D004DF785 /* 009.png */; };
		4BC3D959271C095D004DF785 /* 031.png in Resources */ = {isa = PBXBuildFile; fileRef = 4BC3D90F271C095D004DF785 /* 031.png */; };
		4BC3D95A271C095D004DF785 /* 025.png in Resources */ = {isa = PBXBuildFile; fileRef = 4BC3D910271C095D004DF785 /* 025.png */; };
		4BC3D95B271C095D004DF785 /* 019.png in Resources */ = {isa = PBXBuildFile; fileRef = 4BC3D911271C095D004DF785 /* 019.png */; };
		4BC3D95C271C095D004DF785 /* 018.png in Resources */ = {isa = PBXBuildFile; fileRef = 4BC3D912271C095D004DF785 /* 018.png */; };
		4BC3D95D271C095D004DF785 /* 024.png in Resources */ = {isa = PBXBuildFile; fileRef = 4BC3D913271C095D004DF785 /* 024.png */; };
		4BC3D95E271C095D004DF785 /* 030.png in Resources */ = {isa = PBXBuildFile; fileRef = 4BC3D914271C095D004DF785 /* 030.png */; };
		4BC3D95F271C095D004DF785 /* 026.png in Resources */ = {isa = PBXBuildFile; fileRef = 4BC3D915271C095D004DF785 /* 026.png */; };
		4BC3D960271C095D004DF785 /* 032.png in Resources */ = {isa = PBXBuildFile; fileRef = 4BC3D916271C095D004DF785 /* 032.png */; };
		4BC3D961271C095D004DF785 /* 033.png in Resources */ = {isa = PBXBuildFile; fileRef = 4BC3D917271C095D004DF785 /* 033.png */; };
		4BC3D962271C095D004DF785 /* 027.png in Resources */ = {isa = PBXBuildFile; fileRef = 4BC3D918271C095D004DF785 /* 027.png */; };
		4BC3D965271C755D004DF785 /* LaunchScreen.storyboard in Resources */ = {isa = PBXBuildFile; fileRef = 4BC3D963271C755D004DF785 /* LaunchScreen.storyboard */; };
		4BC3D966271C755D004DF785 /* Main.storyboard in Resources */ = {isa = PBXBuildFile; fileRef = 4BC3D964271C755D004DF785 /* Main.storyboard */; };
		4BC3D968271C759F004DF785 /* SampleImageTableViewController.swift in Sources */ = {isa = PBXBuildFile; fileRef = 4BC3D967271C759F004DF785 /* SampleImageTableViewController.swift */; };
		4BC3D96A271C7934004DF785 /* SampleImageDetailViewController.swift in Sources */ = {isa = PBXBuildFile; fileRef = 4BC3D969271C7934004DF785 /* SampleImageDetailViewController.swift */; };
		4BC6DC94271D101800634A99 /* Delegate in Frameworks */ = {isa = PBXBuildFile; productRef = 4BC6DC93271D101800634A99 /* Delegate */; };
		4BC6DC96271D4EB600634A99 /* SpecTestingTableViewController.swift in Sources */ = {isa = PBXBuildFile; fileRef = 4BC6DC95271D4EB600634A99 /* SpecTestingTableViewController.swift */; };
		4BC6DC98271D4EC800634A99 /* SpecTestingTableViewCell.swift in Sources */ = {isa = PBXBuildFile; fileRef = 4BC6DC97271D4EC800634A99 /* SpecTestingTableViewCell.swift */; };
		4BC6DC9A271D566100634A99 /* spec-cases.json in Resources */ = {isa = PBXBuildFile; fileRef = 4BC6DC99271D566000634A99 /* spec-cases.json */; };
		4BFF950B271C077D001645A7 /* AppDelegate.swift in Sources */ = {isa = PBXBuildFile; fileRef = 4BFF950A271C077D001645A7 /* AppDelegate.swift */; };
		4BFF950F271C077D001645A7 /* TopViewController.swift in Sources */ = {isa = PBXBuildFile; fileRef = 4BFF950E271C077D001645A7 /* TopViewController.swift */; };
		4BFF9514271C077F001645A7 /* Assets.xcassets in Resources */ = {isa = PBXBuildFile; fileRef = 4BFF9513271C077F001645A7 /* Assets.xcassets */; };
/* End PBXBuildFile section */

/* Begin PBXFileReference section */
		4BC3D8CE271C095D004DF785 /* elephant_apng@2x.apng */ = {isa = PBXFileReference; lastKnownFileType = file; path = "elephant_apng@2x.apng"; sourceTree = "<group>"; };
		4BC3D8CF271C095D004DF785 /* APNG-4D.apng */ = {isa = PBXFileReference; lastKnownFileType = file; path = "APNG-4D.apng"; sourceTree = "<group>"; };
		4BC3D8D0271C095D004DF785 /* spinfox.apng */ = {isa = PBXFileReference; lastKnownFileType = file; path = spinfox.apng; sourceTree = "<group>"; };
		4BC3D8D1271C095D004DF785 /* elephant_apng.apng */ = {isa = PBXFileReference; lastKnownFileType = file; path = elephant_apng.apng; sourceTree = "<group>"; };
		4BC3D8D2271C095D004DF785 /* ball.apng */ = {isa = PBXFileReference; lastKnownFileType = file; path = ball.apng; sourceTree = "<group>"; };
		4BC3D8D3271C095D004DF785 /* APNG-cube.apng */ = {isa = PBXFileReference; lastKnownFileType = file; path = "APNG-cube.apng"; sourceTree = "<group>"; };
		4BC3D8D4271C095D004DF785 /* over_none.apng */ = {isa = PBXFileReference; lastKnownFileType = file; path = over_none.apng; sourceTree = "<group>"; };
		4BC3D8D5271C095D004DF785 /* over_background.apng */ = {isa = PBXFileReference; lastKnownFileType = file; path = over_background.apng; sourceTree = "<group>"; };
		4BC3D8D6271C095D004DF785 /* pia.png */ = {isa = PBXFileReference; lastKnownFileType = image.png; path = pia.png; sourceTree = "<group>"; };
		4BC3D8D7271C095D004DF785 /* malformed-size.apng */ = {isa = PBXFileReference; lastKnownFileType = file; path = "malformed-size.apng"; sourceTree = "<group>"; };
		4BC3D8D8271C095D004DF785 /* pyani.apng */ = {isa = PBXFileReference; lastKnownFileType = file; path = pyani.apng; sourceTree = "<group>"; };
		4BC3D8D9271C095D004DF785 /* minimalAPNG.apng */ = {isa = PBXFileReference; lastKnownFileType = file; path = minimalAPNG.apng; sourceTree = "<group>"; };
		4BC3D8DA271C095D004DF785 /* over_previous.apng */ = {isa = PBXFileReference; lastKnownFileType = file; path = over_previous.apng; sourceTree = "<group>"; };
		4BC3D8DC271C095D004DF785 /* 002.png */ = {isa = PBXFileReference; lastKnownFileType = image.png; path = 002.png; sourceTree = "<group>"; };
		4BC3D8DD271C095D004DF785 /* 016.png */ = {isa = PBXFileReference; lastKnownFileType = image.png; path = 016.png; sourceTree = "<group>"; };
		4BC3D8DE271C095D004DF785 /* 017.png */ = {isa = PBXFileReference; lastKnownFileType = image.png; path = 017.png; sourceTree = "<group>"; };
		4BC3D8DF271C095D004DF785 /* 003.png */ = {isa = PBXFileReference; lastKnownFileType = image.png; path = 003.png; sourceTree = "<group>"; };
		4BC3D8E0271C095D004DF785 /* 029.png */ = {isa = PBXFileReference; lastKnownFileType = image.png; path = 029.png; sourceTree = "<group>"; };
		4BC3D8E1271C095D004DF785 /* 015.png */ = {isa = PBXFileReference; lastKnownFileType = image.png; path = 015.png; sourceTree = "<group>"; };
		4BC3D8E2271C095D004DF785 /* 001.png */ = {isa = PBXFileReference; lastKnownFileType = image.png; path = 001.png; sourceTree = "<group>"; };
		4BC3D8E3271C095D004DF785 /* 000.png */ = {isa = PBXFileReference; lastKnownFileType = image.png; path = 000.png; sourceTree = "<group>"; };
		4BC3D8E4271C095D004DF785 /* 014.png */ = {isa = PBXFileReference; lastKnownFileType = image.png; path = 014.png; sourceTree = "<group>"; };
		4BC3D8E5271C095D004DF785 /* 028.png */ = {isa = PBXFileReference; lastKnownFileType = image.png; path = 028.png; sourceTree = "<group>"; };
		4BC3D8E6271C095D004DF785 /* 010.png */ = {isa = PBXFileReference; lastKnownFileType = image.png; path = 010.png; sourceTree = "<group>"; };
		4BC3D8E7271C095D004DF785 /* 004.png */ = {isa = PBXFileReference; lastKnownFileType = image.png; path = 004.png; sourceTree = "<group>"; };
		4BC3D8E8271C095D004DF785 /* 038.png */ = {isa = PBXFileReference; lastKnownFileType = image.png; path = 038.png; sourceTree = "<group>"; };
		4BC3D8E9271C095D004DF785 /* 039.png */ = {isa = PBXFileReference; lastKnownFileType = image.png; path = 039.png; sourceTree = "<group>"; };
		4BC3D8EA271C095D004DF785 /* 005.png */ = {isa = PBXFileReference; lastKnownFileType = image.png; path = 005.png; sourceTree = "<group>"; };
		4BC3D8EB271C095D004DF785 /* 011.png */ = {isa = PBXFileReference; lastKnownFileType = image.png; path = 011.png; sourceTree = "<group>"; };
		4BC3D8EC271C095D004DF785 /* 007.png */ = {isa = PBXFileReference; lastKnownFileType = image.png; path = 007.png; sourceTree = "<group>"; };
		4BC3D8ED271C095D004DF785 /* 013.png */ = {isa = PBXFileReference; lastKnownFileType = image.png; path = 013.png; sourceTree = "<group>"; };
		4BC3D8EE271C095D004DF785 /* 012.png */ = {isa = PBXFileReference; lastKnownFileType = image.png; path = 012.png; sourceTree = "<group>"; };
		4BC3D8EF271C095D004DF785 /* 006.png */ = {isa = PBXFileReference; lastKnownFileType = image.png; path = 006.png; sourceTree = "<group>"; };
		4BC3D8F0271C095D004DF785 /* 049.png */ = {isa = PBXFileReference; lastKnownFileType = image.png; path = 049.png; sourceTree = "<group>"; };
		4BC3D8F1271C095D004DF785 /* 060.png */ = {isa = PBXFileReference; lastKnownFileType = image.png; path = 060.png; sourceTree = "<group>"; };
		4BC3D8F2271C095D004DF785 /* 048.png */ = {isa = PBXFileReference; lastKnownFileType = image.png; path = 048.png; sourceTree = "<group>"; };
		4BC3D8F3271C095D004DF785 /* 058.png */ = {isa = PBXFileReference; lastKnownFileType = image.png; path = 058.png; sourceTree = "<group>"; };
		4BC3D8F4271C095D004DF785 /* 059.png */ = {isa = PBXFileReference; lastKnownFileType = image.png; path = 059.png; sourceTree = "<group>"; };
		4BC3D8F5271C095D004DF785 /* 040.png */ = {isa = PBXFileReference; lastKnownFileType = image.png; path = 040.png; sourceTree = "<group>"; };
		4BC3D8F6271C095D004DF785 /* 054.png */ = {isa = PBXFileReference; lastKnownFileType = image.png; path = 054.png; sourceTree = "<group>"; };
		4BC3D8F7271C095D004DF785 /* 055.png */ = {isa = PBXFileReference; lastKnownFileType = image.png; path = 055.png; sourceTree = "<group>"; };
		4BC3D8F8271C095D004DF785 /* 041.png */ = {isa = PBXFileReference; lastKnownFileType = image.png; path = 041.png; sourceTree = "<group>"; };
		4BC3D8F9271C095D004DF785 /* 057.png */ = {isa = PBXFileReference; lastKnownFileType = image.png; path = 057.png; sourceTree = "<group>"; };
		4BC3D8FA271C095D004DF785 /* 043.png */ = {isa = PBXFileReference; lastKnownFileType = image.png; path = 043.png; sourceTree = "<group>"; };
		4BC3D8FB271C095D004DF785 /* 042.png */ = {isa = PBXFileReference; lastKnownFileType = image.png; path = 042.png; sourceTree = "<group>"; };
		4BC3D8FC271C095D004DF785 /* 056.png */ = {isa = PBXFileReference; lastKnownFileType = image.png; path = 056.png; sourceTree = "<group>"; };
		4BC3D8FD271C095D004DF785 /* 052.png */ = {isa = PBXFileReference; lastKnownFileType = image.png; path = 052.png; sourceTree = "<group>"; };
		4BC3D8FE271C095D004DF785 /* 046.png */ = {isa = PBXFileReference; lastKnownFileType = image.png; path = 046.png; sourceTree = "<group>"; };
		4BC3D8FF271C095D004DF785 /* 047.png */ = {isa = PBXFileReference; lastKnownFileType = image.png; path = 047.png; sourceTree = "<group>"; };
		4BC3D900271C095D004DF785 /* 053.png */ = {isa = PBXFileReference; lastKnownFileType = image.png; path = 053.png; sourceTree = "<group>"; };
		4BC3D901271C095D004DF785 /* 045.png */ = {isa = PBXFileReference; explicitFileType = sourcecode.c.h; path = 045.png; sourceTree = "<group>"; };
		4BC3D902271C095D004DF785 /* 051.png */ = {isa = PBXFileReference; lastKnownFileType = image.png; path = 051.png; sourceTree = "<group>"; };
		4BC3D903271C095D004DF785 /* 050.png */ = {isa = PBXFileReference; lastKnownFileType = image.png; path = 050.png; sourceTree = "<group>"; };
		4BC3D904271C095D004DF785 /* 044.png */ = {isa = PBXFileReference; lastKnownFileType = image.png; path = 044.png; sourceTree = "<group>"; };
		4BC3D905271C095D004DF785 /* 023.png */ = {isa = PBXFileReference; lastKnownFileType = image.png; path = 023.png; sourceTree = "<group>"; };
		4BC3D906271C095D004DF785 /* 037.png */ = {isa = PBXFileReference; lastKnownFileType = image.png; path = 037.png; sourceTree = "<group>"; };
		4BC3D907271C095D004DF785 /* 036.png */ = {isa = PBXFileReference; lastKnownFileType = image.png; path = 036.png; sourceTree = "<group>"; };
		4BC3D908271C095D004DF785 /* 022.png */ = {isa = PBXFileReference; lastKnownFileType = image.png; path = 022.png; sourceTree = "<group>"; };
		4BC3D909271C095D004DF785 /* 008.png */ = {isa = PBXFileReference; lastKnownFileType = image.png; path = 008.png; sourceTree = "<group>"; };
		4BC3D90A271C095D004DF785 /* 034.png */ = {isa = PBXFileReference; lastKnownFileType = image.png; path = 034.png; sourceTree = "<group>"; };
		4BC3D90B271C095D004DF785 /* 020.png */ = {isa = PBXFileReference; lastKnownFileType = image.png; path = 020.png; sourceTree = "<group>"; };
		4BC3D90C271C095D004DF785 /* 021.png */ = {isa = PBXFileReference; lastKnownFileType = image.png; path = 021.png; sourceTree = "<group>"; };
		4BC3D90D271C095D004DF785 /* 035.png */ = {isa = PBXFileReference; lastKnownFileType = image.png; path = 035.png; sourceTree = "<group>"; };
		4BC3D90E271C095D004DF785 /* 009.png */ = {isa = PBXFileReference; lastKnownFileType = image.png; path = 009.png; sourceTree = "<group>"; };
		4BC3D90F271C095D004DF785 /* 031.png */ = {isa = PBXFileReference; lastKnownFileType = image.png; path = 031.png; sourceTree = "<group>"; };
		4BC3D910271C095D004DF785 /* 025.png */ = {isa = PBXFileReference; lastKnownFileType = image.png; path = 025.png; sourceTree = "<group>"; };
		4BC3D911271C095D004DF785 /* 019.png */ = {isa = PBXFileReference; lastKnownFileType = image.png; path = 019.png; sourceTree = "<group>"; };
		4BC3D912271C095D004DF785 /* 018.png */ = {isa = PBXFileReference; lastKnownFileType = image.png; path = 018.png; sourceTree = "<group>"; };
		4BC3D913271C095D004DF785 /* 024.png */ = {isa = PBXFileReference; lastKnownFileType = image.png; path = 024.png; sourceTree = "<group>"; };
		4BC3D914271C095D004DF785 /* 030.png */ = {isa = PBXFileReference; lastKnownFileType = image.png; path = 030.png; sourceTree = "<group>"; };
		4BC3D915271C095D004DF785 /* 026.png */ = {isa = PBXFileReference; lastKnownFileType = image.png; path = 026.png; sourceTree = "<group>"; };
		4BC3D916271C095D004DF785 /* 032.png */ = {isa = PBXFileReference; lastKnownFileType = image.png; path = 032.png; sourceTree = "<group>"; };
		4BC3D917271C095D004DF785 /* 033.png */ = {isa = PBXFileReference; lastKnownFileType = image.png; path = 033.png; sourceTree = "<group>"; };
		4BC3D918271C095D004DF785 /* 027.png */ = {isa = PBXFileReference; lastKnownFileType = image.png; path = 027.png; sourceTree = "<group>"; };
		4BC3D963271C755D004DF785 /* LaunchScreen.storyboard */ = {isa = PBXFileReference; fileEncoding = 4; lastKnownFileType = file.storyboard; path = LaunchScreen.storyboard; sourceTree = "<group>"; };
		4BC3D964271C755D004DF785 /* Main.storyboard */ = {isa = PBXFileReference; fileEncoding = 4; lastKnownFileType = file.storyboard; path = Main.storyboard; sourceTree = "<group>"; };
		4BC3D967271C759F004DF785 /* SampleImageTableViewController.swift */ = {isa = PBXFileReference; lastKnownFileType = sourcecode.swift; path = SampleImageTableViewController.swift; sourceTree = "<group>"; };
		4BC3D969271C7934004DF785 /* SampleImageDetailViewController.swift */ = {isa = PBXFileReference; lastKnownFileType = sourcecode.swift; path = SampleImageDetailViewController.swift; sourceTree = "<group>"; };
		4BC6DC95271D4EB600634A99 /* SpecTestingTableViewController.swift */ = {isa = PBXFileReference; lastKnownFileType = sourcecode.swift; path = SpecTestingTableViewController.swift; sourceTree = "<group>"; };
		4BC6DC97271D4EC800634A99 /* SpecTestingTableViewCell.swift */ = {isa = PBXFileReference; lastKnownFileType = sourcecode.swift; path = SpecTestingTableViewCell.swift; sourceTree = "<group>"; };
		4BC6DC99271D566000634A99 /* spec-cases.json */ = {isa = PBXFileReference; fileEncoding = 4; lastKnownFileType = text.json; name = "spec-cases.json"; path = "Demo/spec-cases.json"; sourceTree = SOURCE_ROOT; };
		4BFF9507271C077D001645A7 /* Demo.app */ = {isa = PBXFileReference; explicitFileType = wrapper.application; includeInIndex = 0; path = Demo.app; sourceTree = BUILT_PRODUCTS_DIR; };
		4BFF950A271C077D001645A7 /* AppDelegate.swift */ = {isa = PBXFileReference; lastKnownFileType = sourcecode.swift; path = AppDelegate.swift; sourceTree = "<group>"; };
		4BFF950E271C077D001645A7 /* TopViewController.swift */ = {isa = PBXFileReference; lastKnownFileType = sourcecode.swift; path = TopViewController.swift; sourceTree = "<group>"; };
		4BFF9513271C077F001645A7 /* Assets.xcassets */ = {isa = PBXFileReference; lastKnownFileType = folder.assetcatalog; path = Assets.xcassets; sourceTree = "<group>"; };
		4BFF9518271C077F001645A7 /* Info.plist */ = {isa = PBXFileReference; lastKnownFileType = text.plist.xml; path = Info.plist; sourceTree = "<group>"; };
		4BFF951F271C07AC001645A7 /* APNGKit */ = {isa = PBXFileReference; lastKnownFileType = folder; name = APNGKit; path = ..; sourceTree = "<group>"; };
/* End PBXFileReference section */

/* Begin PBXFrameworksBuildPhase section */
		4BFF9504271C077D001645A7 /* Frameworks */ = {
			isa = PBXFrameworksBuildPhase;
			buildActionMask = 2147483647;
			files = (
				4BB97D95271C07E0006A2787 /* APNGKit in Frameworks */,
				4BC6DC94271D101800634A99 /* Delegate in Frameworks */,
			);
			runOnlyForDeploymentPostprocessing = 0;
		};
/* End PBXFrameworksBuildPhase section */

/* Begin PBXGroup section */
		4BB97D93271C07E0006A2787 /* Frameworks */ = {
			isa = PBXGroup;
			children = (
			);
			name = Frameworks;
			sourceTree = "<group>";
		};
		4BC3D8CC271C095D004DF785 /* Resources */ = {
			isa = PBXGroup;
			children = (
				4BC3D8CD271C095D004DF785 /* General */,
				4BC3D8DB271C095D004DF785 /* SpecTesting */,
			);
			name = Resources;
			path = ../../Tests/APNGKitTests/Resources;
			sourceTree = "<group>";
		};
		4BC3D8CD271C095D004DF785 /* General */ = {
			isa = PBXGroup;
			children = (
				4BC3D8CE271C095D004DF785 /* elephant_apng@2x.apng */,
				4BC3D8CF271C095D004DF785 /* APNG-4D.apng */,
				4BC3D8D0271C095D004DF785 /* spinfox.apng */,
				4BC3D8D1271C095D004DF785 /* elephant_apng.apng */,
				4BC3D8D2271C095D004DF785 /* ball.apng */,
				4BC3D8D3271C095D004DF785 /* APNG-cube.apng */,
				4BC3D8D4271C095D004DF785 /* over_none.apng */,
				4BC3D8D5271C095D004DF785 /* over_background.apng */,
				4BC3D8D6271C095D004DF785 /* pia.png */,
				4BC3D8D7271C095D004DF785 /* malformed-size.apng */,
				4BC3D8D8271C095D004DF785 /* pyani.apng */,
				4BC3D8D9271C095D004DF785 /* minimalAPNG.apng */,
				4BC3D8DA271C095D004DF785 /* over_previous.apng */,
			);
			path = General;
			sourceTree = "<group>";
		};
		4BC3D8DB271C095D004DF785 /* SpecTesting */ = {
			isa = PBXGroup;
			children = (
				4BC6DC99271D566000634A99 /* spec-cases.json */,
				4BC3D8DC271C095D004DF785 /* 002.png */,
				4BC3D8DD271C095D004DF785 /* 016.png */,
				4BC3D8DE271C095D004DF785 /* 017.png */,
				4BC3D8DF271C095D004DF785 /* 003.png */,
				4BC3D8E0271C095D004DF785 /* 029.png */,
				4BC3D8E1271C095D004DF785 /* 015.png */,
				4BC3D8E2271C095D004DF785 /* 001.png */,
				4BC3D8E3271C095D004DF785 /* 000.png */,
				4BC3D8E4271C095D004DF785 /* 014.png */,
				4BC3D8E5271C095D004DF785 /* 028.png */,
				4BC3D8E6271C095D004DF785 /* 010.png */,
				4BC3D8E7271C095D004DF785 /* 004.png */,
				4BC3D8E8271C095D004DF785 /* 038.png */,
				4BC3D8E9271C095D004DF785 /* 039.png */,
				4BC3D8EA271C095D004DF785 /* 005.png */,
				4BC3D8EB271C095D004DF785 /* 011.png */,
				4BC3D8EC271C095D004DF785 /* 007.png */,
				4BC3D8ED271C095D004DF785 /* 013.png */,
				4BC3D8EE271C095D004DF785 /* 012.png */,
				4BC3D8EF271C095D004DF785 /* 006.png */,
				4BC3D8F0271C095D004DF785 /* 049.png */,
				4BC3D8F1271C095D004DF785 /* 060.png */,
				4BC3D8F2271C095D004DF785 /* 048.png */,
				4BC3D8F3271C095D004DF785 /* 058.png */,
				4BC3D8F4271C095D004DF785 /* 059.png */,
				4BC3D8F5271C095D004DF785 /* 040.png */,
				4BC3D8F6271C095D004DF785 /* 054.png */,
				4BC3D8F7271C095D004DF785 /* 055.png */,
				4BC3D8F8271C095D004DF785 /* 041.png */,
				4BC3D8F9271C095D004DF785 /* 057.png */,
				4BC3D8FA271C095D004DF785 /* 043.png */,
				4BC3D8FB271C095D004DF785 /* 042.png */,
				4BC3D8FC271C095D004DF785 /* 056.png */,
				4BC3D8FD271C095D004DF785 /* 052.png */,
				4BC3D8FE271C095D004DF785 /* 046.png */,
				4BC3D8FF271C095D004DF785 /* 047.png */,
				4BC3D900271C095D004DF785 /* 053.png */,
				4BC3D901271C095D004DF785 /* 045.png */,
				4BC3D902271C095D004DF785 /* 051.png */,
				4BC3D903271C095D004DF785 /* 050.png */,
				4BC3D904271C095D004DF785 /* 044.png */,
				4BC3D905271C095D004DF785 /* 023.png */,
				4BC3D906271C095D004DF785 /* 037.png */,
				4BC3D907271C095D004DF785 /* 036.png */,
				4BC3D908271C095D004DF785 /* 022.png */,
				4BC3D909271C095D004DF785 /* 008.png */,
				4BC3D90A271C095D004DF785 /* 034.png */,
				4BC3D90B271C095D004DF785 /* 020.png */,
				4BC3D90C271C095D004DF785 /* 021.png */,
				4BC3D90D271C095D004DF785 /* 035.png */,
				4BC3D90E271C095D004DF785 /* 009.png */,
				4BC3D90F271C095D004DF785 /* 031.png */,
				4BC3D910271C095D004DF785 /* 025.png */,
				4BC3D911271C095D004DF785 /* 019.png */,
				4BC3D912271C095D004DF785 /* 018.png */,
				4BC3D913271C095D004DF785 /* 024.png */,
				4BC3D914271C095D004DF785 /* 030.png */,
				4BC3D915271C095D004DF785 /* 026.png */,
				4BC3D916271C095D004DF785 /* 032.png */,
				4BC3D917271C095D004DF785 /* 033.png */,
				4BC3D918271C095D004DF785 /* 027.png */,
			);
			path = SpecTesting;
			sourceTree = "<group>";
		};
		4BFF94FE271C077D001645A7 = {
			isa = PBXGroup;
			children = (
				4BFF951E271C07AC001645A7 /* Packages */,
				4BFF9509271C077D001645A7 /* Demo */,
				4BFF9508271C077D001645A7 /* Products */,
				4BB97D93271C07E0006A2787 /* Frameworks */,
			);
			sourceTree = "<group>";
		};
		4BFF9508271C077D001645A7 /* Products */ = {
			isa = PBXGroup;
			children = (
				4BFF9507271C077D001645A7 /* Demo.app */,
			);
			name = Products;
			sourceTree = "<group>";
		};
		4BFF9509271C077D001645A7 /* Demo */ = {
			isa = PBXGroup;
			children = (
				4BC3D8CC271C095D004DF785 /* Resources */,
				4BFF950A271C077D001645A7 /* AppDelegate.swift */,
				4BC6DC95271D4EB600634A99 /* SpecTestingTableViewController.swift */,
				4BC6DC97271D4EC800634A99 /* SpecTestingTableViewCell.swift */,
				4BFF950E271C077D001645A7 /* TopViewController.swift */,
				4BC3D967271C759F004DF785 /* SampleImageTableViewController.swift */,
				4BC3D969271C7934004DF785 /* SampleImageDetailViewController.swift */,
				4BFF9513271C077F001645A7 /* Assets.xcassets */,
				4BFF9518271C077F001645A7 /* Info.plist */,
				4BC3D963271C755D004DF785 /* LaunchScreen.storyboard */,
				4BC3D964271C755D004DF785 /* Main.storyboard */,
			);
			path = Demo;
			sourceTree = "<group>";
		};
		4BFF951E271C07AC001645A7 /* Packages */ = {
			isa = PBXGroup;
			children = (
				4BFF951F271C07AC001645A7 /* APNGKit */,
			);
			name = Packages;
			sourceTree = "<group>";
		};
/* End PBXGroup section */

/* Begin PBXNativeTarget section */
		4BFF9506271C077D001645A7 /* Demo */ = {
			isa = PBXNativeTarget;
			buildConfigurationList = 4BFF951B271C077F001645A7 /* Build configuration list for PBXNativeTarget "Demo" */;
			buildPhases = (
				4BFF9503271C077D001645A7 /* Sources */,
				4BFF9504271C077D001645A7 /* Frameworks */,
				4BFF9505271C077D001645A7 /* Resources */,
			);
			buildRules = (
			);
			dependencies = (
			);
			name = Demo;
			packageProductDependencies = (
				4BB97D94271C07E0006A2787 /* APNGKit */,
				4BC6DC93271D101800634A99 /* Delegate */,
			);
			productName = Demo;
			productReference = 4BFF9507271C077D001645A7 /* Demo.app */;
			productType = "com.apple.product-type.application";
		};
/* End PBXNativeTarget section */

/* Begin PBXProject section */
		4BFF94FF271C077D001645A7 /* Project object */ = {
			isa = PBXProject;
			attributes = {
				BuildIndependentTargetsInParallel = 1;
				LastSwiftUpdateCheck = 1300;
				LastUpgradeCheck = 1300;
				TargetAttributes = {
					4BFF9506271C077D001645A7 = {
						CreatedOnToolsVersion = 13.0;
					};
				};
			};
			buildConfigurationList = 4BFF9502271C077D001645A7 /* Build configuration list for PBXProject "Demo" */;
			compatibilityVersion = "Xcode 13.0";
			developmentRegion = en;
			hasScannedForEncodings = 0;
			knownRegions = (
				en,
				Base,
			);
			mainGroup = 4BFF94FE271C077D001645A7;
			packageReferences = (
				4BC6DC92271D101800634A99 /* XCRemoteSwiftPackageReference "Delegate" */,
			);
			productRefGroup = 4BFF9508271C077D001645A7 /* Products */;
			projectDirPath = "";
			projectRoot = "";
			targets = (
				4BFF9506271C077D001645A7 /* Demo */,
			);
		};
/* End PBXProject section */

/* Begin PBXResourcesBuildPhase section */
		4BFF9505271C077D001645A7 /* Resources */ = {
			isa = PBXResourcesBuildPhase;
			buildActionMask = 2147483647;
			files = (
				4BC3D945271C095D004DF785 /* 042.png in Resources */,
				4BC3D940271C095D004DF785 /* 054.png in Resources */,
				4BC3D936271C095D004DF785 /* 007.png in Resources */,
				4BC3D958271C095D004DF785 /* 009.png in Resources */,
				4BC3D95B271C095D004DF785 /* 019.png in Resources */,
				4BC3D951271C095D004DF785 /* 036.png in Resources */,
				4BC3D933271C095D004DF785 /* 039.png in Resources */,
				4BC3D959271C095D004DF785 /* 031.png in Resources */,
				4BC3D921271C095D004DF785 /* pia.png in Resources */,
				4BC3D928271C095D004DF785 /* 017.png in Resources */,
				4BC3D91D271C095D004DF785 /* ball.apng in Resources */,
				4BC3D94D271C095D004DF785 /* 050.png in Resources */,
				4BC3D960271C095D004DF785 /* 032.png in Resources */,
				4BC3D942271C095D004DF785 /* 041.png in Resources */,
				4BC3D91C271C095D004DF785 /* elephant_apng.apng in Resources */,
				4BC3D92B271C095D004DF785 /* 015.png in Resources */,
				4BC6DC9A271D566100634A99 /* spec-cases.json in Resources */,
				4BC3D961271C095D004DF785 /* 033.png in Resources */,
				4BC3D955271C095D004DF785 /* 020.png in Resources */,
				4BC3D953271C095D004DF785 /* 008.png in Resources */,
				4BC3D93D271C095D004DF785 /* 058.png in Resources */,
				4BC3D927271C095D004DF785 /* 016.png in Resources */,
				4BC3D932271C095D004DF785 /* 038.png in Resources */,
				4BC3D92A271C095D004DF785 /* 029.png in Resources */,
				4BC3D93F271C095D004DF785 /* 040.png in Resources */,
				4BC3D938271C095D004DF785 /* 012.png in Resources */,
				4BC3D965271C755D004DF785 /* LaunchScreen.storyboard in Resources */,
				4BC3D94E271C095D004DF785 /* 044.png in Resources */,
				4BC3D91A271C095D004DF785 /* APNG-4D.apng in Resources */,
				4BC3D926271C095D004DF785 /* 002.png in Resources */,
				4BC3D93B271C095D004DF785 /* 060.png in Resources */,
				4BC3D935271C095D004DF785 /* 011.png in Resources */,
				4BC3D94A271C095D004DF785 /* 053.png in Resources */,
				4BC3D948271C095D004DF785 /* 046.png in Resources */,
				4BC3D954271C095D004DF785 /* 034.png in Resources */,
				4BC3D93E271C095D004DF785 /* 059.png in Resources */,
				4BC3D919271C095D004DF785 /* elephant_apng@2x.apng in Resources */,
				4BC3D91F271C095D004DF785 /* over_none.apng in Resources */,
				4BC3D93A271C095D004DF785 /* 049.png in Resources */,
				4BC3D94B271C095D004DF785 /* 045.png in Resources */,
				4BC3D943271C095D004DF785 /* 057.png in Resources */,
				4BC3D91E271C095D004DF785 /* APNG-cube.apng in Resources */,
				4BC3D95C271C095D004DF785 /* 018.png in Resources */,
				4BC3D92C271C095D004DF785 /* 001.png in Resources */,
				4BC3D93C271C095D004DF785 /* 048.png in Resources */,
				4BC3D944271C095D004DF785 /* 043.png in Resources */,
				4BC3D931271C095D004DF785 /* 004.png in Resources */,
				4BC3D92E271C095D004DF785 /* 014.png in Resources */,
				4BFF9514271C077F001645A7 /* Assets.xcassets in Resources */,
				4BC3D95F271C095D004DF785 /* 026.png in Resources */,
				4BC3D966271C755D004DF785 /* Main.storyboard in Resources */,
				4BC3D957271C095D004DF785 /* 035.png in Resources */,
				4BC3D92F271C095D004DF785 /* 028.png in Resources */,
				4BC3D95D271C095D004DF785 /* 024.png in Resources */,
				4BC3D922271C095D004DF785 /* malformed-size.apng in Resources */,
				4BC3D939271C095D004DF785 /* 006.png in Resources */,
				4BC3D952271C095D004DF785 /* 022.png in Resources */,
				4BC3D94C271C095D004DF785 /* 051.png in Resources */,
				4BC3D949271C095D004DF785 /* 047.png in Resources */,
				4BC3D94F271C095D004DF785 /* 023.png in Resources */,
				4BC3D946271C095D004DF785 /* 056.png in Resources */,
				4BC3D956271C095D004DF785 /* 021.png in Resources */,
				4BC3D924271C095D004DF785 /* minimalAPNG.apng in Resources */,
				4BC3D95E271C095D004DF785 /* 030.png in Resources */,
				4BC3D934271C095D004DF785 /* 005.png in Resources */,
				4BC3D950271C095D004DF785 /* 037.png in Resources */,
				4BC3D95A271C095D004DF785 /* 025.png in Resources */,
				4BC3D937271C095D004DF785 /* 013.png in Resources */,
				4BC3D941271C095D004DF785 /* 055.png in Resources */,
				4BC3D92D271C095D004DF785 /* 000.png in Resources */,
				4BC3D947271C095D004DF785 /* 052.png in Resources */,
				4BC3D930271C095D004DF785 /* 010.png in Resources */,
				4BC3D962271C095D004DF785 /* 027.png in Resources */,
				4BC3D923271C095D004DF785 /* pyani.apng in Resources */,
				4BC3D91B271C095D004DF785 /* spinfox.apng in Resources */,
				4BC3D929271C095D004DF785 /* 003.png in Resources */,
				4BC3D925271C095D004DF785 /* over_previous.apng in Resources */,
				4BC3D920271C095D004DF785 /* over_background.apng in Resources */,
			);
			runOnlyForDeploymentPostprocessing = 0;
		};
/* End PBXResourcesBuildPhase section */

/* Begin PBXSourcesBuildPhase section */
		4BFF9503271C077D001645A7 /* Sources */ = {
			isa = PBXSourcesBuildPhase;
			buildActionMask = 2147483647;
			files = (
				4BC3D968271C759F004DF785 /* SampleImageTableViewController.swift in Sources */,
				4BFF950F271C077D001645A7 /* TopViewController.swift in Sources */,
				4BFF950B271C077D001645A7 /* AppDelegate.swift in Sources */,
				4BC6DC98271D4EC800634A99 /* SpecTestingTableViewCell.swift in Sources */,
				4BC6DC96271D4EB600634A99 /* SpecTestingTableViewController.swift in Sources */,
				4BC3D96A271C7934004DF785 /* SampleImageDetailViewController.swift in Sources */,
			);
			runOnlyForDeploymentPostprocessing = 0;
		};
/* End PBXSourcesBuildPhase section */

/* Begin XCBuildConfiguration section */
		4BFF9519271C077F001645A7 /* Debug */ = {
			isa = XCBuildConfiguration;
			buildSettings = {
				ALWAYS_SEARCH_USER_PATHS = NO;
				CLANG_ANALYZER_NONNULL = YES;
				CLANG_ANALYZER_NUMBER_OBJECT_CONVERSION = YES_AGGRESSIVE;
				CLANG_CXX_LANGUAGE_STANDARD = "gnu++17";
				CLANG_CXX_LIBRARY = "libc++";
				CLANG_ENABLE_MODULES = YES;
				CLANG_ENABLE_OBJC_ARC = YES;
				CLANG_ENABLE_OBJC_WEAK = YES;
				CLANG_WARN_BLOCK_CAPTURE_AUTORELEASING = YES;
				CLANG_WARN_BOOL_CONVERSION = YES;
				CLANG_WARN_COMMA = YES;
				CLANG_WARN_CONSTANT_CONVERSION = YES;
				CLANG_WARN_DEPRECATED_OBJC_IMPLEMENTATIONS = YES;
				CLANG_WARN_DIRECT_OBJC_ISA_USAGE = YES_ERROR;
				CLANG_WARN_DOCUMENTATION_COMMENTS = YES;
				CLANG_WARN_EMPTY_BODY = YES;
				CLANG_WARN_ENUM_CONVERSION = YES;
				CLANG_WARN_INFINITE_RECURSION = YES;
				CLANG_WARN_INT_CONVERSION = YES;
				CLANG_WARN_NON_LITERAL_NULL_CONVERSION = YES;
				CLANG_WARN_OBJC_IMPLICIT_RETAIN_SELF = YES;
				CLANG_WARN_OBJC_LITERAL_CONVERSION = YES;
				CLANG_WARN_OBJC_ROOT_CLASS = YES_ERROR;
				CLANG_WARN_QUOTED_INCLUDE_IN_FRAMEWORK_HEADER = YES;
				CLANG_WARN_RANGE_LOOP_ANALYSIS = YES;
				CLANG_WARN_STRICT_PROTOTYPES = YES;
				CLANG_WARN_SUSPICIOUS_MOVE = YES;
				CLANG_WARN_UNGUARDED_AVAILABILITY = YES_AGGRESSIVE;
				CLANG_WARN_UNREACHABLE_CODE = YES;
				CLANG_WARN__DUPLICATE_METHOD_MATCH = YES;
				COPY_PHASE_STRIP = NO;
				DEBUG_INFORMATION_FORMAT = dwarf;
				ENABLE_STRICT_OBJC_MSGSEND = YES;
				ENABLE_TESTABILITY = YES;
				GCC_C_LANGUAGE_STANDARD = gnu11;
				GCC_DYNAMIC_NO_PIC = NO;
				GCC_NO_COMMON_BLOCKS = YES;
				GCC_OPTIMIZATION_LEVEL = 0;
				GCC_PREPROCESSOR_DEFINITIONS = (
					"DEBUG=1",
					"$(inherited)",
				);
				GCC_WARN_64_TO_32_BIT_CONVERSION = YES;
				GCC_WARN_ABOUT_RETURN_TYPE = YES_ERROR;
				GCC_WARN_UNDECLARED_SELECTOR = YES;
				GCC_WARN_UNINITIALIZED_AUTOS = YES_AGGRESSIVE;
				GCC_WARN_UNUSED_FUNCTION = YES;
				GCC_WARN_UNUSED_VARIABLE = YES;
				IPHONEOS_DEPLOYMENT_TARGET = 11.0;
				MTL_ENABLE_DEBUG_INFO = INCLUDE_SOURCE;
				MTL_FAST_MATH = YES;
				ONLY_ACTIVE_ARCH = YES;
				SDKROOT = iphoneos;
				SWIFT_ACTIVE_COMPILATION_CONDITIONS = DEBUG;
				SWIFT_OPTIMIZATION_LEVEL = "-Onone";
			};
			name = Debug;
		};
		4BFF951A271C077F001645A7 /* Release */ = {
			isa = XCBuildConfiguration;
			buildSettings = {
				ALWAYS_SEARCH_USER_PATHS = NO;
				CLANG_ANALYZER_NONNULL = YES;
				CLANG_ANALYZER_NUMBER_OBJECT_CONVERSION = YES_AGGRESSIVE;
				CLANG_CXX_LANGUAGE_STANDARD = "gnu++17";
				CLANG_CXX_LIBRARY = "libc++";
				CLANG_ENABLE_MODULES = YES;
				CLANG_ENABLE_OBJC_ARC = YES;
				CLANG_ENABLE_OBJC_WEAK = YES;
				CLANG_WARN_BLOCK_CAPTURE_AUTORELEASING = YES;
				CLANG_WARN_BOOL_CONVERSION = YES;
				CLANG_WARN_COMMA = YES;
				CLANG_WARN_CONSTANT_CONVERSION = YES;
				CLANG_WARN_DEPRECATED_OBJC_IMPLEMENTATIONS = YES;
				CLANG_WARN_DIRECT_OBJC_ISA_USAGE = YES_ERROR;
				CLANG_WARN_DOCUMENTATION_COMMENTS = YES;
				CLANG_WARN_EMPTY_BODY = YES;
				CLANG_WARN_ENUM_CONVERSION = YES;
				CLANG_WARN_INFINITE_RECURSION = YES;
				CLANG_WARN_INT_CONVERSION = YES;
				CLANG_WARN_NON_LITERAL_NULL_CONVERSION = YES;
				CLANG_WARN_OBJC_IMPLICIT_RETAIN_SELF = YES;
				CLANG_WARN_OBJC_LITERAL_CONVERSION = YES;
				CLANG_WARN_OBJC_ROOT_CLASS = YES_ERROR;
				CLANG_WARN_QUOTED_INCLUDE_IN_FRAMEWORK_HEADER = YES;
				CLANG_WARN_RANGE_LOOP_ANALYSIS = YES;
				CLANG_WARN_STRICT_PROTOTYPES = YES;
				CLANG_WARN_SUSPICIOUS_MOVE = YES;
				CLANG_WARN_UNGUARDED_AVAILABILITY = YES_AGGRESSIVE;
				CLANG_WARN_UNREACHABLE_CODE = YES;
				CLANG_WARN__DUPLICATE_METHOD_MATCH = YES;
				COPY_PHASE_STRIP = NO;
				DEBUG_INFORMATION_FORMAT = "dwarf-with-dsym";
				ENABLE_NS_ASSERTIONS = NO;
				ENABLE_STRICT_OBJC_MSGSEND = YES;
				GCC_C_LANGUAGE_STANDARD = gnu11;
				GCC_NO_COMMON_BLOCKS = YES;
				GCC_WARN_64_TO_32_BIT_CONVERSION = YES;
				GCC_WARN_ABOUT_RETURN_TYPE = YES_ERROR;
				GCC_WARN_UNDECLARED_SELECTOR = YES;
				GCC_WARN_UNINITIALIZED_AUTOS = YES_AGGRESSIVE;
				GCC_WARN_UNUSED_FUNCTION = YES;
				GCC_WARN_UNUSED_VARIABLE = YES;
				IPHONEOS_DEPLOYMENT_TARGET = 11.0;
				MTL_ENABLE_DEBUG_INFO = NO;
				MTL_FAST_MATH = YES;
				SDKROOT = iphoneos;
				SWIFT_COMPILATION_MODE = wholemodule;
				SWIFT_OPTIMIZATION_LEVEL = "-O";
				VALIDATE_PRODUCT = YES;
			};
			name = Release;
		};
		4BFF951C271C077F001645A7 /* Debug */ = {
			isa = XCBuildConfiguration;
			buildSettings = {
				ASSETCATALOG_COMPILER_APPICON_NAME = AppIcon;
				ASSETCATALOG_COMPILER_GLOBAL_ACCENT_COLOR_NAME = AccentColor;
				CODE_SIGN_STYLE = Automatic;
				CURRENT_PROJECT_VERSION = 1;
				DEVELOPMENT_TEAM = A4YJ9MRZ66;
				GENERATE_INFOPLIST_FILE = YES;
				INFOPLIST_FILE = Demo/Info.plist;
				INFOPLIST_KEY_UIApplicationSupportsIndirectInputEvents = YES;
				INFOPLIST_KEY_UILaunchStoryboardName = LaunchScreen;
				INFOPLIST_KEY_UIMainStoryboardFile = Main;
				INFOPLIST_KEY_UISupportedInterfaceOrientations_iPad = "UIInterfaceOrientationPortrait UIInterfaceOrientationPortraitUpsideDown UIInterfaceOrientationLandscapeLeft UIInterfaceOrientationLandscapeRight";
				INFOPLIST_KEY_UISupportedInterfaceOrientations_iPhone = "UIInterfaceOrientationPortrait UIInterfaceOrientationLandscapeLeft UIInterfaceOrientationLandscapeRight";
				LD_RUNPATH_SEARCH_PATHS = (
					"$(inherited)",
					"@executable_path/Frameworks",
				);
				MARKETING_VERSION = 1.0;
				PRODUCT_BUNDLE_IDENTIFIER = com.onevcat.Demo;
				PRODUCT_NAME = "$(TARGET_NAME)";
				SWIFT_EMIT_LOC_STRINGS = YES;
				SWIFT_VERSION = 5.0;
				TARGETED_DEVICE_FAMILY = "1,2";
			};
			name = Debug;
		};
		4BFF951D271C077F001645A7 /* Release */ = {
			isa = XCBuildConfiguration;
			buildSettings = {
				ASSETCATALOG_COMPILER_APPICON_NAME = AppIcon;
				ASSETCATALOG_COMPILER_GLOBAL_ACCENT_COLOR_NAME = AccentColor;
				CODE_SIGN_STYLE = Automatic;
				CURRENT_PROJECT_VERSION = 1;
				DEVELOPMENT_TEAM = A4YJ9MRZ66;
				GENERATE_INFOPLIST_FILE = YES;
				INFOPLIST_FILE = Demo/Info.plist;
				INFOPLIST_KEY_UIApplicationSupportsIndirectInputEvents = YES;
				INFOPLIST_KEY_UILaunchStoryboardName = LaunchScreen;
				INFOPLIST_KEY_UIMainStoryboardFile = Main;
				INFOPLIST_KEY_UISupportedInterfaceOrientations_iPad = "UIInterfaceOrientationPortrait UIInterfaceOrientationPortraitUpsideDown UIInterfaceOrientationLandscapeLeft UIInterfaceOrientationLandscapeRight";
				INFOPLIST_KEY_UISupportedInterfaceOrientations_iPhone = "UIInterfaceOrientationPortrait UIInterfaceOrientationLandscapeLeft UIInterfaceOrientationLandscapeRight";
				LD_RUNPATH_SEARCH_PATHS = (
					"$(inherited)",
					"@executable_path/Frameworks",
				);
				MARKETING_VERSION = 1.0;
				PRODUCT_BUNDLE_IDENTIFIER = com.onevcat.Demo;
				PRODUCT_NAME = "$(TARGET_NAME)";
				SWIFT_EMIT_LOC_STRINGS = YES;
				SWIFT_VERSION = 5.0;
				TARGETED_DEVICE_FAMILY = "1,2";
			};
			name = Release;
		};
/* End XCBuildConfiguration section */

/* Begin XCConfigurationList section */
		4BFF9502271C077D001645A7 /* Build configuration list for PBXProject "Demo" */ = {
			isa = XCConfigurationList;
			buildConfigurations = (
				4BFF9519271C077F001645A7 /* Debug */,
				4BFF951A271C077F001645A7 /* Release */,
			);
			defaultConfigurationIsVisible = 0;
			defaultConfigurationName = Release;
		};
		4BFF951B271C077F001645A7 /* Build configuration list for PBXNativeTarget "Demo" */ = {
			isa = XCConfigurationList;
			buildConfigurations = (
				4BFF951C271C077F001645A7 /* Debug */,
				4BFF951D271C077F001645A7 /* Release */,
			);
			defaultConfigurationIsVisible = 0;
			defaultConfigurationName = Release;
		};
/* End XCConfigurationList section */

/* Begin XCRemoteSwiftPackageReference section */
		4BC6DC92271D101800634A99 /* XCRemoteSwiftPackageReference "Delegate" */ = {
			isa = XCRemoteSwiftPackageReference;
			repositoryURL = "https://github.com/onevcat/Delegate";
			requirement = {
				kind = upToNextMajorVersion;
				minimumVersion = 1.0.0;
			};
		};
/* End XCRemoteSwiftPackageReference section */

/* Begin XCSwiftPackageProductDependency section */
		4BB97D94271C07E0006A2787 /* APNGKit */ = {
			isa = XCSwiftPackageProductDependency;
			productName = APNGKit;
		};
		4BC6DC93271D101800634A99 /* Delegate */ = {
			isa = XCSwiftPackageProductDependency;
			package = 4BC6DC92271D101800634A99 /* XCRemoteSwiftPackageReference "Delegate" */;
			productName = Delegate;
		};
/* End XCSwiftPackageProductDependency section */
	};
	rootObject = 4BFF94FF271C077D001645A7 /* Project object */;
}
